// !$*UTF8*$!
{
	archiveVersion = 1;
	classes = {
	};
	objectVersion = 46;
	objects = {

/* Begin PBXBuildFile section */
		F113A7B31A04544500D40F7F /* main.m in Sources */ = {isa = PBXBuildFile; fileRef = F113A7B21A04544500D40F7F /* main.m */; };
		F113A7B61A04544500D40F7F /* AppDelegate.m in Sources */ = {isa = PBXBuildFile; fileRef = F113A7B51A04544500D40F7F /* AppDelegate.m */; };
		F113A7B91A04544500D40F7F /* HomeViewController.m in Sources */ = {isa = PBXBuildFile; fileRef = F113A7B81A04544500D40F7F /* HomeViewController.m */; };
		F113A7BC1A04544500D40F7F /* Main.storyboard in Resources */ = {isa = PBXBuildFile; fileRef = F113A7BA1A04544500D40F7F /* Main.storyboard */; };
		F113A7BE1A04544500D40F7F /* Images.xcassets in Resources */ = {isa = PBXBuildFile; fileRef = F113A7BD1A04544500D40F7F /* Images.xcassets */; };
		F113A7C11A04544500D40F7F /* LaunchScreen.xib in Resources */ = {isa = PBXBuildFile; fileRef = F113A7BF1A04544500D40F7F /* LaunchScreen.xib */; };
		F113A7CD1A04544500D40F7F /* UniversityBookstoreTests.m in Sources */ = {isa = PBXBuildFile; fileRef = F113A7CC1A04544500D40F7F /* UniversityBookstoreTests.m */; };
		F1C12E861A04998000CAB822 /* UploadPicture.m in Sources */ = {isa = PBXBuildFile; fileRef = F1C12E851A04998000CAB822 /* UploadPicture.m */; };
		F1C12E8C1A04B75B00CAB822 /* bg.jpg in Resources */ = {isa = PBXBuildFile; fileRef = F1C12E8B1A04B75B00CAB822 /* bg.jpg */; };
		F1C12E961A04DD3700CAB822 /* TPKeyboardAvoidingCollectionView.m in Sources */ = {isa = PBXBuildFile; fileRef = F1C12E8F1A04DD3700CAB822 /* TPKeyboardAvoidingCollectionView.m */; };
		F1C12E971A04DD3700CAB822 /* TPKeyboardAvoidingScrollView.m in Sources */ = {isa = PBXBuildFile; fileRef = F1C12E911A04DD3700CAB822 /* TPKeyboardAvoidingScrollView.m */; };
		F1C12E981A04DD3700CAB822 /* TPKeyboardAvoidingTableView.m in Sources */ = {isa = PBXBuildFile; fileRef = F1C12E931A04DD3700CAB822 /* TPKeyboardAvoidingTableView.m */; };
		F1C12E991A04DD3700CAB822 /* UIScrollView+TPKeyboardAvoidingAdditions.m in Sources */ = {isa = PBXBuildFile; fileRef = F1C12E951A04DD3700CAB822 /* UIScrollView+TPKeyboardAvoidingAdditions.m */; };
		F1C12E9C1A0509F700CAB822 /* LoginViewController.m in Sources */ = {isa = PBXBuildFile; fileRef = F1C12E9B1A0509F700CAB822 /* LoginViewController.m */; };
		FC96FBFB1A04B561007ED2A9 /* RegistrationViewController.m in Sources */ = {isa = PBXBuildFile; fileRef = FC96FBFA1A04B561007ED2A9 /* RegistrationViewController.m */; };
		FCD47D861A049E03000D69ED /* BuyBook.m in Sources */ = {isa = PBXBuildFile; fileRef = FCD47D851A049E03000D69ED /* BuyBook.m */; };
/* End PBXBuildFile section */

/* Begin PBXContainerItemProxy section */
		F113A7C71A04544500D40F7F /* PBXContainerItemProxy */ = {
			isa = PBXContainerItemProxy;
			containerPortal = F113A7A51A04544500D40F7F /* Project object */;
			proxyType = 1;
			remoteGlobalIDString = F113A7AC1A04544500D40F7F;
			remoteInfo = UniversityBookstore;
		};
/* End PBXContainerItemProxy section */

/* Begin PBXFileReference section */
		F113A7AD1A04544500D40F7F /* UniversityBookstore.app */ = {isa = PBXFileReference; explicitFileType = wrapper.application; includeInIndex = 0; path = UniversityBookstore.app; sourceTree = BUILT_PRODUCTS_DIR; };
		F113A7B11A04544500D40F7F /* Info.plist */ = {isa = PBXFileReference; lastKnownFileType = text.plist.xml; path = Info.plist; sourceTree = "<group>"; };
		F113A7B21A04544500D40F7F /* main.m */ = {isa = PBXFileReference; lastKnownFileType = sourcecode.c.objc; path = main.m; sourceTree = "<group>"; };
		F113A7B41A04544500D40F7F /* AppDelegate.h */ = {isa = PBXFileReference; lastKnownFileType = sourcecode.c.h; path = AppDelegate.h; sourceTree = "<group>"; };
		F113A7B51A04544500D40F7F /* AppDelegate.m */ = {isa = PBXFileReference; lastKnownFileType = sourcecode.c.objc; path = AppDelegate.m; sourceTree = "<group>"; };
		F113A7B71A04544500D40F7F /* HomeViewController.h */ = {isa = PBXFileReference; lastKnownFileType = sourcecode.c.h; path = HomeViewController.h; sourceTree = "<group>"; };
		F113A7B81A04544500D40F7F /* HomeViewController.m */ = {isa = PBXFileReference; lastKnownFileType = sourcecode.c.objc; path = HomeViewController.m; sourceTree = "<group>"; };
		F113A7BB1A04544500D40F7F /* Base */ = {isa = PBXFileReference; lastKnownFileType = file.storyboard; name = Base; path = Base.lproj/Main.storyboard; sourceTree = "<group>"; };
		F113A7BD1A04544500D40F7F /* Images.xcassets */ = {isa = PBXFileReference; lastKnownFileType = folder.assetcatalog; path = Images.xcassets; sourceTree = "<group>"; };
		F113A7C01A04544500D40F7F /* Base */ = {isa = PBXFileReference; lastKnownFileType = file.xib; name = Base; path = Base.lproj/LaunchScreen.xib; sourceTree = "<group>"; };
		F113A7C61A04544500D40F7F /* UniversityBookstoreTests.xctest */ = {isa = PBXFileReference; explicitFileType = wrapper.cfbundle; includeInIndex = 0; path = UniversityBookstoreTests.xctest; sourceTree = BUILT_PRODUCTS_DIR; };
		F113A7CB1A04544500D40F7F /* Info.plist */ = {isa = PBXFileReference; lastKnownFileType = text.plist.xml; path = Info.plist; sourceTree = "<group>"; };
		F113A7CC1A04544500D40F7F /* UniversityBookstoreTests.m */ = {isa = PBXFileReference; lastKnownFileType = sourcecode.c.objc; path = UniversityBookstoreTests.m; sourceTree = "<group>"; };
		F1C12E841A04998000CAB822 /* UploadPicture.h */ = {isa = PBXFileReference; fileEncoding = 4; lastKnownFileType = sourcecode.c.h; path = UploadPicture.h; sourceTree = "<group>"; };
		F1C12E851A04998000CAB822 /* UploadPicture.m */ = {isa = PBXFileReference; fileEncoding = 4; lastKnownFileType = sourcecode.c.objc; path = UploadPicture.m; sourceTree = "<group>"; };
		F1C12E8B1A04B75B00CAB822 /* bg.jpg */ = {isa = PBXFileReference; lastKnownFileType = image.jpeg; path = bg.jpg; sourceTree = "<group>"; };
		F1C12E8E1A04DD3700CAB822 /* TPKeyboardAvoidingCollectionView.h */ = {isa = PBXFileReference; fileEncoding = 4; lastKnownFileType = sourcecode.c.h; path = TPKeyboardAvoidingCollectionView.h; sourceTree = "<group>"; };
		F1C12E8F1A04DD3700CAB822 /* TPKeyboardAvoidingCollectionView.m */ = {isa = PBXFileReference; fileEncoding = 4; lastKnownFileType = sourcecode.c.objc; path = TPKeyboardAvoidingCollectionView.m; sourceTree = "<group>"; };
		F1C12E901A04DD3700CAB822 /* TPKeyboardAvoidingScrollView.h */ = {isa = PBXFileReference; fileEncoding = 4; lastKnownFileType = sourcecode.c.h; path = TPKeyboardAvoidingScrollView.h; sourceTree = "<group>"; };
		F1C12E911A04DD3700CAB822 /* TPKeyboardAvoidingScrollView.m */ = {isa = PBXFileReference; fileEncoding = 4; lastKnownFileType = sourcecode.c.objc; path = TPKeyboardAvoidingScrollView.m; sourceTree = "<group>"; };
		F1C12E921A04DD3700CAB822 /* TPKeyboardAvoidingTableView.h */ = {isa = PBXFileReference; fileEncoding = 4; lastKnownFileType = sourcecode.c.h; path = TPKeyboardAvoidingTableView.h; sourceTree = "<group>"; };
		F1C12E931A04DD3700CAB822 /* TPKeyboardAvoidingTableView.m */ = {isa = PBXFileReference; fileEncoding = 4; lastKnownFileType = sourcecode.c.objc; path = TPKeyboardAvoidingTableView.m; sourceTree = "<group>"; };
		F1C12E941A04DD3700CAB822 /* UIScrollView+TPKeyboardAvoidingAdditions.h */ = {isa = PBXFileReference; fileEncoding = 4; lastKnownFileType = sourcecode.c.h; path = "UIScrollView+TPKeyboardAvoidingAdditions.h"; sourceTree = "<group>"; };
		F1C12E951A04DD3700CAB822 /* UIScrollView+TPKeyboardAvoidingAdditions.m */ = {isa = PBXFileReference; fileEncoding = 4; lastKnownFileType = sourcecode.c.objc; path = "UIScrollView+TPKeyboardAvoidingAdditions.m"; sourceTree = "<group>"; };
		F1C12E9A1A0509F700CAB822 /* LoginViewController.h */ = {isa = PBXFileReference; fileEncoding = 4; lastKnownFileType = sourcecode.c.h; path = LoginViewController.h; sourceTree = "<group>"; };
		F1C12E9B1A0509F700CAB822 /* LoginViewController.m */ = {isa = PBXFileReference; fileEncoding = 4; lastKnownFileType = sourcecode.c.objc; path = LoginViewController.m; sourceTree = "<group>"; };
		FC96FBF91A04B561007ED2A9 /* RegistrationViewController.h */ = {isa = PBXFileReference; fileEncoding = 4; lastKnownFileType = sourcecode.c.h; name = RegistrationViewController.h; path = ../RegistrationViewController.h; sourceTree = "<group>"; };
		FC96FBFA1A04B561007ED2A9 /* RegistrationViewController.m */ = {isa = PBXFileReference; fileEncoding = 4; lastKnownFileType = sourcecode.c.objc; name = RegistrationViewController.m; path = ../RegistrationViewController.m; sourceTree = "<group>"; };
		FCD47D841A049E03000D69ED /* BuyBook.h */ = {isa = PBXFileReference; fileEncoding = 4; lastKnownFileType = sourcecode.c.h; path = BuyBook.h; sourceTree = "<group>"; };
		FCD47D851A049E03000D69ED /* BuyBook.m */ = {isa = PBXFileReference; fileEncoding = 4; lastKnownFileType = sourcecode.c.objc; path = BuyBook.m; sourceTree = "<group>"; };
/* End PBXFileReference section */

/* Begin PBXFrameworksBuildPhase section */
		F113A7AA1A04544500D40F7F /* Frameworks */ = {
			isa = PBXFrameworksBuildPhase;
			buildActionMask = 2147483647;
			files = (
			);
			runOnlyForDeploymentPostprocessing = 0;
		};
		F113A7C31A04544500D40F7F /* Frameworks */ = {
			isa = PBXFrameworksBuildPhase;
			buildActionMask = 2147483647;
			files = (
			);
			runOnlyForDeploymentPostprocessing = 0;
		};
/* End PBXFrameworksBuildPhase section */

/* Begin PBXGroup section */
		F113A7A41A04544500D40F7F = {
			isa = PBXGroup;
			children = (
				F113A7AF1A04544500D40F7F /* UniversityBookstore */,
				F113A7C91A04544500D40F7F /* UniversityBookstoreTests */,
				F113A7AE1A04544500D40F7F /* Products */,
			);
			sourceTree = "<group>";
		};
		F113A7AE1A04544500D40F7F /* Products */ = {
			isa = PBXGroup;
			children = (
				F113A7AD1A04544500D40F7F /* UniversityBookstore.app */,
				F113A7C61A04544500D40F7F /* UniversityBookstoreTests.xctest */,
			);
			name = Products;
			sourceTree = "<group>";
		};
		F113A7AF1A04544500D40F7F /* UniversityBookstore */ = {
			isa = PBXGroup;
			children = (
				F1C12E8D1A04DD2C00CAB822 /* TPKeyboard */,
				F1C12E8B1A04B75B00CAB822 /* bg.jpg */,
				FC96FBF91A04B561007ED2A9 /* RegistrationViewController.h */,
				FC96FBFA1A04B561007ED2A9 /* RegistrationViewController.m */,
				F1C12E9A1A0509F700CAB822 /* LoginViewController.h */,
				F1C12E9B1A0509F700CAB822 /* LoginViewController.m */,
				F113A7B41A04544500D40F7F /* AppDelegate.h */,
				F113A7B51A04544500D40F7F /* AppDelegate.m */,
				F113A7B71A04544500D40F7F /* HomeViewController.h */,
				F113A7B81A04544500D40F7F /* HomeViewController.m */,
				F113A7BA1A04544500D40F7F /* Main.storyboard */,
				FCD47D841A049E03000D69ED /* BuyBook.h */,
				FCD47D851A049E03000D69ED /* BuyBook.m */,
				F1C12E841A04998000CAB822 /* UploadPicture.h */,
				F1C12E851A04998000CAB822 /* UploadPicture.m */,
				F113A7BD1A04544500D40F7F /* Images.xcassets */,
				F113A7BF1A04544500D40F7F /* LaunchScreen.xib */,
				F113A7B01A04544500D40F7F /* Supporting Files */,
			);
			path = UniversityBookstore;
			sourceTree = "<group>";
		};
		F113A7B01A04544500D40F7F /* Supporting Files */ = {
			isa = PBXGroup;
			children = (
				F113A7B11A04544500D40F7F /* Info.plist */,
				F113A7B21A04544500D40F7F /* main.m */,
			);
			name = "Supporting Files";
			sourceTree = "<group>";
		};
		F113A7C91A04544500D40F7F /* UniversityBookstoreTests */ = {
			isa = PBXGroup;
			children = (
				F113A7CC1A04544500D40F7F /* UniversityBookstoreTests.m */,
				F113A7CA1A04544500D40F7F /* Supporting Files */,
			);
			path = UniversityBookstoreTests;
			sourceTree = "<group>";
		};
		F113A7CA1A04544500D40F7F /* Supporting Files */ = {
			isa = PBXGroup;
			children = (
				F113A7CB1A04544500D40F7F /* Info.plist */,
			);
			name = "Supporting Files";
			sourceTree = "<group>";
		};
		F1C12E8D1A04DD2C00CAB822 /* TPKeyboard */ = {
			isa = PBXGroup;
			children = (
				F1C12E8E1A04DD3700CAB822 /* TPKeyboardAvoidingCollectionView.h */,
				F1C12E8F1A04DD3700CAB822 /* TPKeyboardAvoidingCollectionView.m */,
				F1C12E901A04DD3700CAB822 /* TPKeyboardAvoidingScrollView.h */,
				F1C12E911A04DD3700CAB822 /* TPKeyboardAvoidingScrollView.m */,
				F1C12E921A04DD3700CAB822 /* TPKeyboardAvoidingTableView.h */,
				F1C12E931A04DD3700CAB822 /* TPKeyboardAvoidingTableView.m */,
				F1C12E941A04DD3700CAB822 /* UIScrollView+TPKeyboardAvoidingAdditions.h */,
				F1C12E951A04DD3700CAB822 /* UIScrollView+TPKeyboardAvoidingAdditions.m */,
			);
			name = TPKeyboard;
			sourceTree = "<group>";
		};
/* End PBXGroup section */

/* Begin PBXNativeTarget section */
		F113A7AC1A04544500D40F7F /* UniversityBookstore */ = {
			isa = PBXNativeTarget;
			buildConfigurationList = F113A7D01A04544500D40F7F /* Build configuration list for PBXNativeTarget "UniversityBookstore" */;
			buildPhases = (
				F113A7A91A04544500D40F7F /* Sources */,
				F113A7AA1A04544500D40F7F /* Frameworks */,
				F113A7AB1A04544500D40F7F /* Resources */,
			);
			buildRules = (
			);
			dependencies = (
			);
			name = UniversityBookstore;
			productName = UniversityBookstore;
			productReference = F113A7AD1A04544500D40F7F /* UniversityBookstore.app */;
			productType = "com.apple.product-type.application";
		};
		F113A7C51A04544500D40F7F /* UniversityBookstoreTests */ = {
			isa = PBXNativeTarget;
			buildConfigurationList = F113A7D31A04544500D40F7F /* Build configuration list for PBXNativeTarget "UniversityBookstoreTests" */;
			buildPhases = (
				F113A7C21A04544500D40F7F /* Sources */,
				F113A7C31A04544500D40F7F /* Frameworks */,
				F113A7C41A04544500D40F7F /* Resources */,
			);
			buildRules = (
			);
			dependencies = (
				F113A7C81A04544500D40F7F /* PBXTargetDependency */,
			);
			name = UniversityBookstoreTests;
			productName = UniversityBookstoreTests;
			productReference = F113A7C61A04544500D40F7F /* UniversityBookstoreTests.xctest */;
			productType = "com.apple.product-type.bundle.unit-test";
		};
/* End PBXNativeTarget section */

/* Begin PBXProject section */
		F113A7A51A04544500D40F7F /* Project object */ = {
			isa = PBXProject;
			attributes = {
				LastUpgradeCheck = 0610;
				ORGANIZATIONNAME = "Keyur Patel";
				TargetAttributes = {
					F113A7AC1A04544500D40F7F = {
						CreatedOnToolsVersion = 6.1;
					};
					F113A7C51A04544500D40F7F = {
						CreatedOnToolsVersion = 6.1;
						TestTargetID = F113A7AC1A04544500D40F7F;
					};
				};
			};
			buildConfigurationList = F113A7A81A04544500D40F7F /* Build configuration list for PBXProject "UniversityBookstore" */;
			compatibilityVersion = "Xcode 3.2";
			developmentRegion = English;
			hasScannedForEncodings = 0;
			knownRegions = (
				en,
				Base,
			);
			mainGroup = F113A7A41A04544500D40F7F;
			productRefGroup = F113A7AE1A04544500D40F7F /* Products */;
			projectDirPath = "";
			projectRoot = "";
			targets = (
				F113A7AC1A04544500D40F7F /* UniversityBookstore */,
				F113A7C51A04544500D40F7F /* UniversityBookstoreTests */,
			);
		};
/* End PBXProject section */

/* Begin PBXResourcesBuildPhase section */
		F113A7AB1A04544500D40F7F /* Resources */ = {
			isa = PBXResourcesBuildPhase;
			buildActionMask = 2147483647;
			files = (
				F113A7BC1A04544500D40F7F /* Main.storyboard in Resources */,
				F113A7C11A04544500D40F7F /* LaunchScreen.xib in Resources */,
				F1C12E8C1A04B75B00CAB822 /* bg.jpg in Resources */,
				F113A7BE1A04544500D40F7F /* Images.xcassets in Resources */,
			);
			runOnlyForDeploymentPostprocessing = 0;
		};
		F113A7C41A04544500D40F7F /* Resources */ = {
			isa = PBXResourcesBuildPhase;
			buildActionMask = 2147483647;
			files = (
			);
			runOnlyForDeploymentPostprocessing = 0;
		};
/* End PBXResourcesBuildPhase section */

/* Begin PBXSourcesBuildPhase section */
		F113A7A91A04544500D40F7F /* Sources */ = {
			isa = PBXSourcesBuildPhase;
			buildActionMask = 2147483647;
			files = (
				F113A7B91A04544500D40F7F /* HomeViewController.m in Sources */,
				F1C12E971A04DD3700CAB822 /* TPKeyboardAvoidingScrollView.m in Sources */,
				F113A7B61A04544500D40F7F /* AppDelegate.m in Sources */,
				F1C12E981A04DD3700CAB822 /* TPKeyboardAvoidingTableView.m in Sources */,
				FC96FBFB1A04B561007ED2A9 /* RegistrationViewController.m in Sources */,
				FCD47D861A049E03000D69ED /* BuyBook.m in Sources */,
				F113A7B31A04544500D40F7F /* main.m in Sources */,
				F1C12E861A04998000CAB822 /* UploadPicture.m in Sources */,
				F1C12E961A04DD3700CAB822 /* TPKeyboardAvoidingCollectionView.m in Sources */,
				F1C12E9C1A0509F700CAB822 /* LoginViewController.m in Sources */,
				F1C12E991A04DD3700CAB822 /* UIScrollView+TPKeyboardAvoidingAdditions.m in Sources */,
			);
			runOnlyForDeploymentPostprocessing = 0;
		};
		F113A7C21A04544500D40F7F /* Sources */ = {
			isa = PBXSourcesBuildPhase;
			buildActionMask = 2147483647;
			files = (
				F113A7CD1A04544500D40F7F /* UniversityBookstoreTests.m in Sources */,
			);
			runOnlyForDeploymentPostprocessing = 0;
		};
/* End PBXSourcesBuildPhase section */

/* Begin PBXTargetDependency section */
		F113A7C81A04544500D40F7F /* PBXTargetDependency */ = {
			isa = PBXTargetDependency;
			target = F113A7AC1A04544500D40F7F /* UniversityBookstore */;
			targetProxy = F113A7C71A04544500D40F7F /* PBXContainerItemProxy */;
		};
/* End PBXTargetDependency section */

/* Begin PBXVariantGroup section */
		F113A7BA1A04544500D40F7F /* Main.storyboard */ = {
			isa = PBXVariantGroup;
			children = (
				F113A7BB1A04544500D40F7F /* Base */,
			);
			name = Main.storyboard;
			sourceTree = "<group>";
		};
		F113A7BF1A04544500D40F7F /* LaunchScreen.xib */ = {
			isa = PBXVariantGroup;
			children = (
				F113A7C01A04544500D40F7F /* Base */,
			);
			name = LaunchScreen.xib;
			sourceTree = "<group>";
		};
/* End PBXVariantGroup section */

/* Begin XCBuildConfiguration section */
		F113A7CE1A04544500D40F7F /* Debug */ = {
			isa = XCBuildConfiguration;
			buildSettings = {
				ALWAYS_SEARCH_USER_PATHS = NO;
				CLANG_CXX_LANGUAGE_STANDARD = "gnu++0x";
				CLANG_CXX_LIBRARY = "libc++";
				CLANG_ENABLE_MODULES = YES;
				CLANG_ENABLE_OBJC_ARC = YES;
				CLANG_WARN_BOOL_CONVERSION = YES;
				CLANG_WARN_CONSTANT_CONVERSION = YES;
				CLANG_WARN_DIRECT_OBJC_ISA_USAGE = YES_ERROR;
				CLANG_WARN_EMPTY_BODY = YES;
				CLANG_WARN_ENUM_CONVERSION = YES;
				CLANG_WARN_INT_CONVERSION = YES;
				CLANG_WARN_OBJC_ROOT_CLASS = YES_ERROR;
				CLANG_WARN_UNREACHABLE_CODE = YES;
				CLANG_WARN__DUPLICATE_METHOD_MATCH = YES;
				"CODE_SIGN_IDENTITY[sdk=iphoneos*]" = "iPhone Developer";
				COPY_PHASE_STRIP = NO;
				ENABLE_STRICT_OBJC_MSGSEND = YES;
				GCC_C_LANGUAGE_STANDARD = gnu99;
				GCC_DYNAMIC_NO_PIC = NO;
				GCC_OPTIMIZATION_LEVEL = 0;
				GCC_PREPROCESSOR_DEFINITIONS = (
					"DEBUG=1",
					"$(inherited)",
				);
				GCC_SYMBOLS_PRIVATE_EXTERN = NO;
				GCC_WARN_64_TO_32_BIT_CONVERSION = YES;
				GCC_WARN_ABOUT_RETURN_TYPE = YES_ERROR;
				GCC_WARN_UNDECLARED_SELECTOR = YES;
				GCC_WARN_UNINITIALIZED_AUTOS = YES_AGGRESSIVE;
				GCC_WARN_UNUSED_FUNCTION = YES;
				GCC_WARN_UNUSED_VARIABLE = YES;
				IPHONEOS_DEPLOYMENT_TARGET = 8.1;
				MTL_ENABLE_DEBUG_INFO = YES;
				ONLY_ACTIVE_ARCH = YES;
				SDKROOT = iphoneos;
			};
			name = Debug;
		};
		F113A7CF1A04544500D40F7F /* Release */ = {
			isa = XCBuildConfiguration;
			buildSettings = {
				ALWAYS_SEARCH_USER_PATHS = NO;
				CLANG_CXX_LANGUAGE_STANDARD = "gnu++0x";
				CLANG_CXX_LIBRARY = "libc++";
				CLANG_ENABLE_MODULES = YES;
				CLANG_ENABLE_OBJC_ARC = YES;
				CLANG_WARN_BOOL_CONVERSION = YES;
				CLANG_WARN_CONSTANT_CONVERSION = YES;
				CLANG_WARN_DIRECT_OBJC_ISA_USAGE = YES_ERROR;
				CLANG_WARN_EMPTY_BODY = YES;
				CLANG_WARN_ENUM_CONVERSION = YES;
				CLANG_WARN_INT_CONVERSION = YES;
				CLANG_WARN_OBJC_ROOT_CLASS = YES_ERROR;
				CLANG_WARN_UNREACHABLE_CODE = YES;
				CLANG_WARN__DUPLICATE_METHOD_MATCH = YES;
				"CODE_SIGN_IDENTITY[sdk=iphoneos*]" = "iPhone Developer";
				COPY_PHASE_STRIP = YES;
				ENABLE_NS_ASSERTIONS = NO;
				ENABLE_STRICT_OBJC_MSGSEND = YES;
				GCC_C_LANGUAGE_STANDARD = gnu99;
				GCC_WARN_64_TO_32_BIT_CONVERSION = YES;
				GCC_WARN_ABOUT_RETURN_TYPE = YES_ERROR;
				GCC_WARN_UNDECLARED_SELECTOR = YES;
				GCC_WARN_UNINITIALIZED_AUTOS = YES_AGGRESSIVE;
				GCC_WARN_UNUSED_FUNCTION = YES;
				GCC_WARN_UNUSED_VARIABLE = YES;
				IPHONEOS_DEPLOYMENT_TARGET = 8.1;
				MTL_ENABLE_DEBUG_INFO = NO;
				SDKROOT = iphoneos;
				VALIDATE_PRODUCT = YES;
			};
			name = Release;
		};
		F113A7D11A04544500D40F7F /* Debug */ = {
			isa = XCBuildConfiguration;
			buildSettings = {
				ASSETCATALOG_COMPILER_APPICON_NAME = AppIcon;
				INFOPLIST_FILE = UniversityBookstore/Info.plist;
				LD_RUNPATH_SEARCH_PATHS = "$(inherited) @executable_path/Frameworks";
				PRODUCT_NAME = "$(TARGET_NAME)";
				TARGETED_DEVICE_FAMILY = 1;
			};
			name = Debug;
		};
		F113A7D21A04544500D40F7F /* Release */ = {
			isa = XCBuildConfiguration;
			buildSettings = {
				ASSETCATALOG_COMPILER_APPICON_NAME = AppIcon;
				INFOPLIST_FILE = UniversityBookstore/Info.plist;
				LD_RUNPATH_SEARCH_PATHS = "$(inherited) @executable_path/Frameworks";
				PRODUCT_NAME = "$(TARGET_NAME)";
				TARGETED_DEVICE_FAMILY = 1;
			};
			name = Release;
		};
		F113A7D41A04544500D40F7F /* Debug */ = {
			isa = XCBuildConfiguration;
			buildSettings = {
				BUNDLE_LOADER = "$(TEST_HOST)";
				FRAMEWORK_SEARCH_PATHS = (
					"$(SDKROOT)/Developer/Library/Frameworks",
					"$(inherited)",
				);
				GCC_PREPROCESSOR_DEFINITIONS = (
					"DEBUG=1",
					"$(inherited)",
				);
				INFOPLIST_FILE = UniversityBookstoreTests/Info.plist;
				LD_RUNPATH_SEARCH_PATHS = "$(inherited) @executable_path/Frameworks @loader_path/Frameworks";
				PRODUCT_NAME = "$(TARGET_NAME)";
				TEST_HOST = "$(BUILT_PRODUCTS_DIR)/UniversityBookstore.app/UniversityBookstore";
			};
			name = Debug;
		};
		F113A7D51A04544500D40F7F /* Release */ = {
			isa = XCBuildConfiguration;
			buildSettings = {
				BUNDLE_LOADER = "$(TEST_HOST)";
				FRAMEWORK_SEARCH_PATHS = (
					"$(SDKROOT)/Developer/Library/Frameworks",
					"$(inherited)",
				);
				INFOPLIST_FILE = UniversityBookstoreTests/Info.plist;
				LD_RUNPATH_SEARCH_PATHS = "$(inherited) @executable_path/Frameworks @loader_path/Frameworks";
				PRODUCT_NAME = "$(TARGET_NAME)";
				TEST_HOST = "$(BUILT_PRODUCTS_DIR)/UniversityBookstore.app/UniversityBookstore";
			};
			name = Release;
		};
/* End XCBuildConfiguration section */

/* Begin XCConfigurationList section */
		F113A7A81A04544500D40F7F /* Build configuration list for PBXProject "UniversityBookstore" */ = {
			isa = XCConfigurationList;
			buildConfigurations = (
				F113A7CE1A04544500D40F7F /* Debug */,
				F113A7CF1A04544500D40F7F /* Release */,
			);
			defaultConfigurationIsVisible = 0;
			defaultConfigurationName = Release;
		};
		F113A7D01A04544500D40F7F /* Build configuration list for PBXNativeTarget "UniversityBookstore" */ = {
			isa = XCConfigurationList;
			buildConfigurations = (
				F113A7D11A04544500D40F7F /* Debug */,
				F113A7D21A04544500D40F7F /* Release */,
			);
			defaultConfigurationIsVisible = 0;
			defaultConfigurationName = Release;
		};
		F113A7D31A04544500D40F7F /* Build configuration list for PBXNativeTarget "UniversityBookstoreTests" */ = {
			isa = XCConfigurationList;
			buildConfigurations = (
				F113A7D41A04544500D40F7F /* Debug */,
				F113A7D51A04544500D40F7F /* Release */,
			);
			defaultConfigurationIsVisible = 0;
			defaultConfigurationName = Release;
		};
/* End XCConfigurationList section */
	};
	rootObject = F113A7A51A04544500D40F7F /* Project object */;
}
