// !$*UTF8*$!
{
	archiveVersion = 1;
	classes = {
	};
	objectVersion = 46;
	objects = {

/* Begin PBXBuildFile section */
		F113A7B31A04544500D40F7F /* main.m in Sources */ = {isa = PBXBuildFile; fileRef = F113A7B21A04544500D40F7F /* main.m */; };
		F113A7B61A04544500D40F7F /* AppDelegate.m in Sources */ = {isa = PBXBuildFile; fileRef = F113A7B51A04544500D40F7F /* AppDelegate.m */; };
		F113A7BC1A04544500D40F7F /* Main.storyboard in Resources */ = {isa = PBXBuildFile; fileRef = F113A7BA1A04544500D40F7F /* Main.storyboard */; };
		F113A7BE1A04544500D40F7F /* Images.xcassets in Resources */ = {isa = PBXBuildFile; fileRef = F113A7BD1A04544500D40F7F /* Images.xcassets */; };
		F113A7C11A04544500D40F7F /* LaunchScreen.xib in Resources */ = {isa = PBXBuildFile; fileRef = F113A7BF1A04544500D40F7F /* LaunchScreen.xib */; };
		F113A7CD1A04544500D40F7F /* UniversityBookstoreTests.m in Sources */ = {isa = PBXBuildFile; fileRef = F113A7CC1A04544500D40F7F /* UniversityBookstoreTests.m */; };
		F1C12E861A04998000CAB822 /* UploadPicture.m in Sources */ = {isa = PBXBuildFile; fileRef = F1C12E851A04998000CAB822 /* UploadPicture.m */; };
		F1C12E961A04DD3700CAB822 /* TPKeyboardAvoidingCollectionView.m in Sources */ = {isa = PBXBuildFile; fileRef = F1C12E8F1A04DD3700CAB822 /* TPKeyboardAvoidingCollectionView.m */; };
		F1C12E971A04DD3700CAB822 /* TPKeyboardAvoidingScrollView.m in Sources */ = {isa = PBXBuildFile; fileRef = F1C12E911A04DD3700CAB822 /* TPKeyboardAvoidingScrollView.m */; };
		F1C12E981A04DD3700CAB822 /* TPKeyboardAvoidingTableView.m in Sources */ = {isa = PBXBuildFile; fileRef = F1C12E931A04DD3700CAB822 /* TPKeyboardAvoidingTableView.m */; };
		F1C12E991A04DD3700CAB822 /* UIScrollView+TPKeyboardAvoidingAdditions.m in Sources */ = {isa = PBXBuildFile; fileRef = F1C12E951A04DD3700CAB822 /* UIScrollView+TPKeyboardAvoidingAdditions.m */; };
		F1C12E9C1A0509F700CAB822 /* LoginViewController.m in Sources */ = {isa = PBXBuildFile; fileRef = F1C12E9B1A0509F700CAB822 /* LoginViewController.m */; };
		F1C12E9F1A052CAD00CAB822 /* RootNavigationController.m in Sources */ = {isa = PBXBuildFile; fileRef = F1C12E9E1A052CAD00CAB822 /* RootNavigationController.m */; };
		F1C12EA21A05434300CAB822 /* InventoryViewController.m in Sources */ = {isa = PBXBuildFile; fileRef = F1C12EA11A05434300CAB822 /* InventoryViewController.m */; };
		F1C12EA31A05582D00CAB822 /* HomeViewController.m in Sources */ = {isa = PBXBuildFile; fileRef = F113A7B81A04544500D40F7F /* HomeViewController.m */; };
		F1C12EAD1A058D5D00CAB822 /* FAImageView.m in Sources */ = {isa = PBXBuildFile; fileRef = F1C12EA81A058D5D00CAB822 /* FAImageView.m */; };
		F1C12EAE1A058D5D00CAB822 /* NSString+FontAwesome.m in Sources */ = {isa = PBXBuildFile; fileRef = F1C12EAA1A058D5D00CAB822 /* NSString+FontAwesome.m */; };
		F1C12EAF1A058D5D00CAB822 /* UIFont+FontAwesome.m in Sources */ = {isa = PBXBuildFile; fileRef = F1C12EAC1A058D5D00CAB822 /* UIFont+FontAwesome.m */; };
		F1C12EB11A05A8A700CAB822 /* FontAwesome.ttf in Resources */ = {isa = PBXBuildFile; fileRef = F1C12EB01A05A7BA00CAB822 /* FontAwesome.ttf */; };
		F1C12EB31A05A8B500CAB822 /* CoreGraphics.framework in Frameworks */ = {isa = PBXBuildFile; fileRef = F1C12EB21A05A8B500CAB822 /* CoreGraphics.framework */; };
		FC6318231A05EBBE00CAC693 /* PTKAddressZip.m in Sources */ = {isa = PBXBuildFile; fileRef = FC6317FA1A05EBBE00CAC693 /* PTKAddressZip.m */; };
		FC6318241A05EBBE00CAC693 /* PTKCard.m in Sources */ = {isa = PBXBuildFile; fileRef = FC6317FC1A05EBBE00CAC693 /* PTKCard.m */; };
		FC6318251A05EBBE00CAC693 /* PTKCardCVC.m in Sources */ = {isa = PBXBuildFile; fileRef = FC6317FE1A05EBBE00CAC693 /* PTKCardCVC.m */; };
		FC6318261A05EBBE00CAC693 /* PTKCardExpiry.m in Sources */ = {isa = PBXBuildFile; fileRef = FC6318001A05EBBE00CAC693 /* PTKCardExpiry.m */; };
		FC6318271A05EBBE00CAC693 /* PTKCardNumber.m in Sources */ = {isa = PBXBuildFile; fileRef = FC6318021A05EBBE00CAC693 /* PTKCardNumber.m */; };
		FC6318281A05EBBE00CAC693 /* PTKComponent.m in Sources */ = {isa = PBXBuildFile; fileRef = FC6318051A05EBBE00CAC693 /* PTKComponent.m */; };
		FC6318291A05EBBE00CAC693 /* PTKTextField.m in Sources */ = {isa = PBXBuildFile; fileRef = FC6318071A05EBBE00CAC693 /* PTKTextField.m */; };
		FC63182A1A05EBBE00CAC693 /* PTKUSAddressZip.m in Sources */ = {isa = PBXBuildFile; fileRef = FC6318091A05EBBE00CAC693 /* PTKUSAddressZip.m */; };
		FC63182B1A05EBBE00CAC693 /* PTKView.m in Sources */ = {isa = PBXBuildFile; fileRef = FC63180B1A05EBBE00CAC693 /* PTKView.m */; };
		FC63182C1A05EBBE00CAC693 /* amex.png in Resources */ = {isa = PBXBuildFile; fileRef = FC63180E1A05EBBE00CAC693 /* amex.png */; };
		FC63182D1A05EBBE00CAC693 /* amex@2x.png in Resources */ = {isa = PBXBuildFile; fileRef = FC63180F1A05EBBE00CAC693 /* amex@2x.png */; };
		FC63182E1A05EBBE00CAC693 /* cvc-amex.png in Resources */ = {isa = PBXBuildFile; fileRef = FC6318101A05EBBE00CAC693 /* cvc-amex.png */; };
		FC63182F1A05EBBE00CAC693 /* cvc-amex@2x.png in Resources */ = {isa = PBXBuildFile; fileRef = FC6318111A05EBBE00CAC693 /* cvc-amex@2x.png */; };
		FC6318301A05EBBE00CAC693 /* cvc.png in Resources */ = {isa = PBXBuildFile; fileRef = FC6318121A05EBBE00CAC693 /* cvc.png */; };
		FC6318311A05EBBE00CAC693 /* cvc@2x.png in Resources */ = {isa = PBXBuildFile; fileRef = FC6318131A05EBBE00CAC693 /* cvc@2x.png */; };
		FC6318321A05EBBE00CAC693 /* diners.png in Resources */ = {isa = PBXBuildFile; fileRef = FC6318141A05EBBE00CAC693 /* diners.png */; };
		FC6318331A05EBBE00CAC693 /* diners@2x.png in Resources */ = {isa = PBXBuildFile; fileRef = FC6318151A05EBBE00CAC693 /* diners@2x.png */; };
		FC6318341A05EBBE00CAC693 /* discover.png in Resources */ = {isa = PBXBuildFile; fileRef = FC6318161A05EBBE00CAC693 /* discover.png */; };
		FC6318351A05EBBE00CAC693 /* discover@2x.png in Resources */ = {isa = PBXBuildFile; fileRef = FC6318171A05EBBE00CAC693 /* discover@2x.png */; };
		FC6318361A05EBBE00CAC693 /* jcb.png in Resources */ = {isa = PBXBuildFile; fileRef = FC6318181A05EBBE00CAC693 /* jcb.png */; };
		FC6318371A05EBBE00CAC693 /* jcb@2x.png in Resources */ = {isa = PBXBuildFile; fileRef = FC6318191A05EBBE00CAC693 /* jcb@2x.png */; };
		FC6318381A05EBBE00CAC693 /* mastercard.png in Resources */ = {isa = PBXBuildFile; fileRef = FC63181A1A05EBBE00CAC693 /* mastercard.png */; };
		FC6318391A05EBBE00CAC693 /* mastercard@2x.png in Resources */ = {isa = PBXBuildFile; fileRef = FC63181B1A05EBBE00CAC693 /* mastercard@2x.png */; };
		FC63183A1A05EBBE00CAC693 /* placeholder.png in Resources */ = {isa = PBXBuildFile; fileRef = FC63181C1A05EBBE00CAC693 /* placeholder.png */; };
		FC63183B1A05EBBE00CAC693 /* placeholder@2x.png in Resources */ = {isa = PBXBuildFile; fileRef = FC63181D1A05EBBE00CAC693 /* placeholder@2x.png */; };
		FC63183C1A05EBBE00CAC693 /* visa.png in Resources */ = {isa = PBXBuildFile; fileRef = FC63181E1A05EBBE00CAC693 /* visa.png */; };
		FC63183D1A05EBBE00CAC693 /* visa@2x.png in Resources */ = {isa = PBXBuildFile; fileRef = FC63181F1A05EBBE00CAC693 /* visa@2x.png */; };
		FC63183E1A05EBBE00CAC693 /* gradient@2x.png in Resources */ = {isa = PBXBuildFile; fileRef = FC6318201A05EBBE00CAC693 /* gradient@2x.png */; };
		FC63183F1A05EBBE00CAC693 /* textfield.png in Resources */ = {isa = PBXBuildFile; fileRef = FC6318211A05EBBE00CAC693 /* textfield.png */; };
		FC6318401A05EBBE00CAC693 /* textfield@2x.png in Resources */ = {isa = PBXBuildFile; fileRef = FC6318221A05EBBE00CAC693 /* textfield@2x.png */; };
		FC6318431A05F09700CAC693 /* PaymentViewController.m in Sources */ = {isa = PBXBuildFile; fileRef = FC6318421A05F09700CAC693 /* PaymentViewController.m */; };
		FC6318461A05F2A300CAC693 /* RegistrationViewController.m in Sources */ = {isa = PBXBuildFile; fileRef = FC6318451A05F2A300CAC693 /* RegistrationViewController.m */; };
		FC6318481A05F9CD00CAC693 /* Parse.framework in Frameworks */ = {isa = PBXBuildFile; fileRef = FC6318471A05F9CD00CAC693 /* Parse.framework */; };
		FC63185A1A05FA2200CAC693 /* PKPayment+STPTestKeys.m in Sources */ = {isa = PBXBuildFile; fileRef = FC63184B1A05FA2200CAC693 /* PKPayment+STPTestKeys.m */; };
		FC63185B1A05FA2200CAC693 /* STPTestAddressStore.m in Sources */ = {isa = PBXBuildFile; fileRef = FC63184D1A05FA2200CAC693 /* STPTestAddressStore.m */; };
		FC63185C1A05FA2200CAC693 /* STPTestCardStore.m in Sources */ = {isa = PBXBuildFile; fileRef = FC63184F1A05FA2200CAC693 /* STPTestCardStore.m */; };
		FC63185D1A05FA2200CAC693 /* STPTestDataTableViewController.m in Sources */ = {isa = PBXBuildFile; fileRef = FC6318521A05FA2200CAC693 /* STPTestDataTableViewController.m */; };
		FC63185E1A05FA2200CAC693 /* STPTestPaymentAuthorizationViewController.m in Sources */ = {isa = PBXBuildFile; fileRef = FC6318541A05FA2200CAC693 /* STPTestPaymentAuthorizationViewController.m */; };
		FC63185F1A05FA2200CAC693 /* STPTestPaymentSummaryViewController.m in Sources */ = {isa = PBXBuildFile; fileRef = FC6318561A05FA2200CAC693 /* STPTestPaymentSummaryViewController.m */; };
		FC6318601A05FA2200CAC693 /* STPTestPaymentSummaryViewController.xib in Resources */ = {isa = PBXBuildFile; fileRef = FC6318571A05FA2200CAC693 /* STPTestPaymentSummaryViewController.xib */; };
		FC6318611A05FA2200CAC693 /* STPTestShippingMethodStore.m in Sources */ = {isa = PBXBuildFile; fileRef = FC6318591A05FA2200CAC693 /* STPTestShippingMethodStore.m */; };
		FC6318651A05FA7100CAC693 /* MBProgressHUD.m in Sources */ = {isa = PBXBuildFile; fileRef = FC6318641A05FA7100CAC693 /* MBProgressHUD.m */; };
		FC63186D1A05FAA800CAC693 /* main.js in Resources */ = {isa = PBXBuildFile; fileRef = FC6318681A05FAA700CAC693 /* main.js */; };
		FC63186E1A05FAA800CAC693 /* global.json in Resources */ = {isa = PBXBuildFile; fileRef = FC63186A1A05FAA700CAC693 /* global.json */; };
		FC63186F1A05FAA800CAC693 /* index.html in Resources */ = {isa = PBXBuildFile; fileRef = FC63186C1A05FAA800CAC693 /* index.html */; };
		FC96FC041A04B8C0007ED2A9 /* SellBookViewController.m in Sources */ = {isa = PBXBuildFile; fileRef = FC96FC031A04B8C0007ED2A9 /* SellBookViewController.m */; };
		FCC951AC1A05C5460042A575 /* Stripe+ApplePay.m in Sources */ = {isa = PBXBuildFile; fileRef = FCC9519A1A05C5460042A575 /* Stripe+ApplePay.m */; };
		FCC951AD1A05C5460042A575 /* STPAPIConnection.m in Sources */ = {isa = PBXBuildFile; fileRef = FCC9519C1A05C5460042A575 /* STPAPIConnection.m */; };
		FCC951AE1A05C5460042A575 /* STPBankAccount.m in Sources */ = {isa = PBXBuildFile; fileRef = FCC9519E1A05C5460042A575 /* STPBankAccount.m */; };
		FCC951AF1A05C5460042A575 /* STPCard.m in Sources */ = {isa = PBXBuildFile; fileRef = FCC951A01A05C5460042A575 /* STPCard.m */; };
		FCC951B01A05C5460042A575 /* STPToken.m in Sources */ = {isa = PBXBuildFile; fileRef = FCC951A31A05C5460042A575 /* STPToken.m */; };
		FCC951B11A05C5460042A575 /* STPUtils.m in Sources */ = {isa = PBXBuildFile; fileRef = FCC951A51A05C5460042A575 /* STPUtils.m */; };
		FCC951B21A05C5460042A575 /* Stripe.m in Sources */ = {isa = PBXBuildFile; fileRef = FCC951A71A05C5460042A575 /* Stripe.m */; };
		FCC951B31A05C5460042A575 /* StripeError.m in Sources */ = {isa = PBXBuildFile; fileRef = FCC951A91A05C5460042A575 /* StripeError.m */; };
		FCC951B61A05C6740042A575 /* Foundation.framework in Frameworks */ = {isa = PBXBuildFile; fileRef = FCC951B41A05C5CA0042A575 /* Foundation.framework */; };
		FCC951B81A05C68C0042A575 /* Security.framework in Frameworks */ = {isa = PBXBuildFile; fileRef = FCC951B71A05C68C0042A575 /* Security.framework */; };
		FCC951BA1A05C6A70042A575 /* PassKit.framework in Frameworks */ = {isa = PBXBuildFile; fileRef = FCC951B91A05C6A70042A575 /* PassKit.framework */; };
		FCD33ED91A0566D5002983B3 /* SearchBooksViewController.m in Sources */ = {isa = PBXBuildFile; fileRef = FCD33ED81A0566D5002983B3 /* SearchBooksViewController.m */; };
		FCD33EDC1A05A58D002983B3 /* BooksForSaleTableViewController.m in Sources */ = {isa = PBXBuildFile; fileRef = FCD33EDB1A05A58D002983B3 /* BooksForSaleTableViewController.m */; };
/* End PBXBuildFile section */

/* Begin PBXContainerItemProxy section */
		F113A7C71A04544500D40F7F /* PBXContainerItemProxy */ = {
			isa = PBXContainerItemProxy;
			containerPortal = F113A7A51A04544500D40F7F /* Project object */;
			proxyType = 1;
			remoteGlobalIDString = F113A7AC1A04544500D40F7F;
			remoteInfo = UniversityBookstore;
		};
/* End PBXContainerItemProxy section */

/* Begin PBXFileReference section */
		F113A7AD1A04544500D40F7F /* UniversityBookstore.app */ = {isa = PBXFileReference; explicitFileType = wrapper.application; includeInIndex = 0; path = UniversityBookstore.app; sourceTree = BUILT_PRODUCTS_DIR; };
		F113A7B11A04544500D40F7F /* Info.plist */ = {isa = PBXFileReference; lastKnownFileType = text.plist.xml; path = Info.plist; sourceTree = "<group>"; };
		F113A7B21A04544500D40F7F /* main.m */ = {isa = PBXFileReference; lastKnownFileType = sourcecode.c.objc; path = main.m; sourceTree = "<group>"; };
		F113A7B41A04544500D40F7F /* AppDelegate.h */ = {isa = PBXFileReference; lastKnownFileType = sourcecode.c.h; path = AppDelegate.h; sourceTree = "<group>"; };
		F113A7B51A04544500D40F7F /* AppDelegate.m */ = {isa = PBXFileReference; lastKnownFileType = sourcecode.c.objc; path = AppDelegate.m; sourceTree = "<group>"; };
		F113A7B71A04544500D40F7F /* HomeViewController.h */ = {isa = PBXFileReference; lastKnownFileType = sourcecode.c.h; path = HomeViewController.h; sourceTree = "<group>"; };
		F113A7B81A04544500D40F7F /* HomeViewController.m */ = {isa = PBXFileReference; lastKnownFileType = sourcecode.c.objc; path = HomeViewController.m; sourceTree = "<group>"; };
		F113A7BB1A04544500D40F7F /* Base */ = {isa = PBXFileReference; lastKnownFileType = file.storyboard; name = Base; path = Base.lproj/Main.storyboard; sourceTree = "<group>"; };
		F113A7BD1A04544500D40F7F /* Images.xcassets */ = {isa = PBXFileReference; lastKnownFileType = folder.assetcatalog; path = Images.xcassets; sourceTree = "<group>"; };
		F113A7C01A04544500D40F7F /* Base */ = {isa = PBXFileReference; lastKnownFileType = file.xib; name = Base; path = Base.lproj/LaunchScreen.xib; sourceTree = "<group>"; };
		F113A7C61A04544500D40F7F /* UniversityBookstoreTests.xctest */ = {isa = PBXFileReference; explicitFileType = wrapper.cfbundle; includeInIndex = 0; path = UniversityBookstoreTests.xctest; sourceTree = BUILT_PRODUCTS_DIR; };
		F113A7CB1A04544500D40F7F /* Info.plist */ = {isa = PBXFileReference; lastKnownFileType = text.plist.xml; path = Info.plist; sourceTree = "<group>"; };
		F113A7CC1A04544500D40F7F /* UniversityBookstoreTests.m */ = {isa = PBXFileReference; lastKnownFileType = sourcecode.c.objc; path = UniversityBookstoreTests.m; sourceTree = "<group>"; };
		F1C12E841A04998000CAB822 /* UploadPicture.h */ = {isa = PBXFileReference; fileEncoding = 4; lastKnownFileType = sourcecode.c.h; path = UploadPicture.h; sourceTree = "<group>"; };
		F1C12E851A04998000CAB822 /* UploadPicture.m */ = {isa = PBXFileReference; fileEncoding = 4; lastKnownFileType = sourcecode.c.objc; path = UploadPicture.m; sourceTree = "<group>"; };
		F1C12E8E1A04DD3700CAB822 /* TPKeyboardAvoidingCollectionView.h */ = {isa = PBXFileReference; fileEncoding = 4; lastKnownFileType = sourcecode.c.h; path = TPKeyboardAvoidingCollectionView.h; sourceTree = "<group>"; };
		F1C12E8F1A04DD3700CAB822 /* TPKeyboardAvoidingCollectionView.m */ = {isa = PBXFileReference; fileEncoding = 4; lastKnownFileType = sourcecode.c.objc; path = TPKeyboardAvoidingCollectionView.m; sourceTree = "<group>"; };
		F1C12E901A04DD3700CAB822 /* TPKeyboardAvoidingScrollView.h */ = {isa = PBXFileReference; fileEncoding = 4; lastKnownFileType = sourcecode.c.h; path = TPKeyboardAvoidingScrollView.h; sourceTree = "<group>"; };
		F1C12E911A04DD3700CAB822 /* TPKeyboardAvoidingScrollView.m */ = {isa = PBXFileReference; fileEncoding = 4; lastKnownFileType = sourcecode.c.objc; path = TPKeyboardAvoidingScrollView.m; sourceTree = "<group>"; };
		F1C12E921A04DD3700CAB822 /* TPKeyboardAvoidingTableView.h */ = {isa = PBXFileReference; fileEncoding = 4; lastKnownFileType = sourcecode.c.h; path = TPKeyboardAvoidingTableView.h; sourceTree = "<group>"; };
		F1C12E931A04DD3700CAB822 /* TPKeyboardAvoidingTableView.m */ = {isa = PBXFileReference; fileEncoding = 4; lastKnownFileType = sourcecode.c.objc; path = TPKeyboardAvoidingTableView.m; sourceTree = "<group>"; };
		F1C12E941A04DD3700CAB822 /* UIScrollView+TPKeyboardAvoidingAdditions.h */ = {isa = PBXFileReference; fileEncoding = 4; lastKnownFileType = sourcecode.c.h; path = "UIScrollView+TPKeyboardAvoidingAdditions.h"; sourceTree = "<group>"; };
		F1C12E951A04DD3700CAB822 /* UIScrollView+TPKeyboardAvoidingAdditions.m */ = {isa = PBXFileReference; fileEncoding = 4; lastKnownFileType = sourcecode.c.objc; path = "UIScrollView+TPKeyboardAvoidingAdditions.m"; sourceTree = "<group>"; };
		F1C12E9A1A0509F700CAB822 /* LoginViewController.h */ = {isa = PBXFileReference; fileEncoding = 4; lastKnownFileType = sourcecode.c.h; path = LoginViewController.h; sourceTree = "<group>"; };
		F1C12E9B1A0509F700CAB822 /* LoginViewController.m */ = {isa = PBXFileReference; fileEncoding = 4; lastKnownFileType = sourcecode.c.objc; path = LoginViewController.m; sourceTree = "<group>"; };
		F1C12E9D1A052CAD00CAB822 /* RootNavigationController.h */ = {isa = PBXFileReference; fileEncoding = 4; lastKnownFileType = sourcecode.c.h; path = RootNavigationController.h; sourceTree = "<group>"; };
		F1C12E9E1A052CAD00CAB822 /* RootNavigationController.m */ = {isa = PBXFileReference; fileEncoding = 4; lastKnownFileType = sourcecode.c.objc; path = RootNavigationController.m; sourceTree = "<group>"; };
		F1C12EA01A05434300CAB822 /* InventoryViewController.h */ = {isa = PBXFileReference; fileEncoding = 4; lastKnownFileType = sourcecode.c.h; path = InventoryViewController.h; sourceTree = "<group>"; };
		F1C12EA11A05434300CAB822 /* InventoryViewController.m */ = {isa = PBXFileReference; fileEncoding = 4; lastKnownFileType = sourcecode.c.objc; path = InventoryViewController.m; sourceTree = "<group>"; };
		F1C12EA71A058D5D00CAB822 /* FAImageView.h */ = {isa = PBXFileReference; fileEncoding = 4; lastKnownFileType = sourcecode.c.h; path = FAImageView.h; sourceTree = "<group>"; };
		F1C12EA81A058D5D00CAB822 /* FAImageView.m */ = {isa = PBXFileReference; fileEncoding = 4; lastKnownFileType = sourcecode.c.objc; path = FAImageView.m; sourceTree = "<group>"; };
		F1C12EA91A058D5D00CAB822 /* NSString+FontAwesome.h */ = {isa = PBXFileReference; fileEncoding = 4; lastKnownFileType = sourcecode.c.h; path = "NSString+FontAwesome.h"; sourceTree = "<group>"; };
		F1C12EAA1A058D5D00CAB822 /* NSString+FontAwesome.m */ = {isa = PBXFileReference; fileEncoding = 4; lastKnownFileType = sourcecode.c.objc; path = "NSString+FontAwesome.m"; sourceTree = "<group>"; };
		F1C12EAB1A058D5D00CAB822 /* UIFont+FontAwesome.h */ = {isa = PBXFileReference; fileEncoding = 4; lastKnownFileType = sourcecode.c.h; path = "UIFont+FontAwesome.h"; sourceTree = "<group>"; };
		F1C12EAC1A058D5D00CAB822 /* UIFont+FontAwesome.m */ = {isa = PBXFileReference; fileEncoding = 4; lastKnownFileType = sourcecode.c.objc; path = "UIFont+FontAwesome.m"; sourceTree = "<group>"; };
		F1C12EB01A05A7BA00CAB822 /* FontAwesome.ttf */ = {isa = PBXFileReference; lastKnownFileType = file; path = FontAwesome.ttf; sourceTree = "<group>"; };
		F1C12EB21A05A8B500CAB822 /* CoreGraphics.framework */ = {isa = PBXFileReference; lastKnownFileType = wrapper.framework; name = CoreGraphics.framework; path = System/Library/Frameworks/CoreGraphics.framework; sourceTree = SDKROOT; };
		FC6317F91A05EBBE00CAC693 /* PTKAddressZip.h */ = {isa = PBXFileReference; fileEncoding = 4; lastKnownFileType = sourcecode.c.h; path = PTKAddressZip.h; sourceTree = "<group>"; };
		FC6317FA1A05EBBE00CAC693 /* PTKAddressZip.m */ = {isa = PBXFileReference; fileEncoding = 4; lastKnownFileType = sourcecode.c.objc; path = PTKAddressZip.m; sourceTree = "<group>"; };
		FC6317FB1A05EBBE00CAC693 /* PTKCard.h */ = {isa = PBXFileReference; fileEncoding = 4; lastKnownFileType = sourcecode.c.h; path = PTKCard.h; sourceTree = "<group>"; };
		FC6317FC1A05EBBE00CAC693 /* PTKCard.m */ = {isa = PBXFileReference; fileEncoding = 4; lastKnownFileType = sourcecode.c.objc; path = PTKCard.m; sourceTree = "<group>"; };
		FC6317FD1A05EBBE00CAC693 /* PTKCardCVC.h */ = {isa = PBXFileReference; fileEncoding = 4; lastKnownFileType = sourcecode.c.h; path = PTKCardCVC.h; sourceTree = "<group>"; };
		FC6317FE1A05EBBE00CAC693 /* PTKCardCVC.m */ = {isa = PBXFileReference; fileEncoding = 4; lastKnownFileType = sourcecode.c.objc; path = PTKCardCVC.m; sourceTree = "<group>"; };
		FC6317FF1A05EBBE00CAC693 /* PTKCardExpiry.h */ = {isa = PBXFileReference; fileEncoding = 4; lastKnownFileType = sourcecode.c.h; path = PTKCardExpiry.h; sourceTree = "<group>"; };
		FC6318001A05EBBE00CAC693 /* PTKCardExpiry.m */ = {isa = PBXFileReference; fileEncoding = 4; lastKnownFileType = sourcecode.c.objc; path = PTKCardExpiry.m; sourceTree = "<group>"; };
		FC6318011A05EBBE00CAC693 /* PTKCardNumber.h */ = {isa = PBXFileReference; fileEncoding = 4; lastKnownFileType = sourcecode.c.h; path = PTKCardNumber.h; sourceTree = "<group>"; };
		FC6318021A05EBBE00CAC693 /* PTKCardNumber.m */ = {isa = PBXFileReference; fileEncoding = 4; lastKnownFileType = sourcecode.c.objc; path = PTKCardNumber.m; sourceTree = "<group>"; };
		FC6318031A05EBBE00CAC693 /* PTKCardType.h */ = {isa = PBXFileReference; fileEncoding = 4; lastKnownFileType = sourcecode.c.h; path = PTKCardType.h; sourceTree = "<group>"; };
		FC6318041A05EBBE00CAC693 /* PTKComponent.h */ = {isa = PBXFileReference; fileEncoding = 4; lastKnownFileType = sourcecode.c.h; path = PTKComponent.h; sourceTree = "<group>"; };
		FC6318051A05EBBE00CAC693 /* PTKComponent.m */ = {isa = PBXFileReference; fileEncoding = 4; lastKnownFileType = sourcecode.c.objc; path = PTKComponent.m; sourceTree = "<group>"; };
		FC6318061A05EBBE00CAC693 /* PTKTextField.h */ = {isa = PBXFileReference; fileEncoding = 4; lastKnownFileType = sourcecode.c.h; path = PTKTextField.h; sourceTree = "<group>"; };
		FC6318071A05EBBE00CAC693 /* PTKTextField.m */ = {isa = PBXFileReference; fileEncoding = 4; lastKnownFileType = sourcecode.c.objc; path = PTKTextField.m; sourceTree = "<group>"; };
		FC6318081A05EBBE00CAC693 /* PTKUSAddressZip.h */ = {isa = PBXFileReference; fileEncoding = 4; lastKnownFileType = sourcecode.c.h; path = PTKUSAddressZip.h; sourceTree = "<group>"; };
		FC6318091A05EBBE00CAC693 /* PTKUSAddressZip.m */ = {isa = PBXFileReference; fileEncoding = 4; lastKnownFileType = sourcecode.c.objc; path = PTKUSAddressZip.m; sourceTree = "<group>"; };
		FC63180A1A05EBBE00CAC693 /* PTKView.h */ = {isa = PBXFileReference; fileEncoding = 4; lastKnownFileType = sourcecode.c.h; path = PTKView.h; sourceTree = "<group>"; };
		FC63180B1A05EBBE00CAC693 /* PTKView.m */ = {isa = PBXFileReference; fileEncoding = 4; lastKnownFileType = sourcecode.c.objc; path = PTKView.m; sourceTree = "<group>"; };
		FC63180E1A05EBBE00CAC693 /* amex.png */ = {isa = PBXFileReference; lastKnownFileType = image.png; path = amex.png; sourceTree = "<group>"; };
		FC63180F1A05EBBE00CAC693 /* amex@2x.png */ = {isa = PBXFileReference; lastKnownFileType = image.png; path = "amex@2x.png"; sourceTree = "<group>"; };
		FC6318101A05EBBE00CAC693 /* cvc-amex.png */ = {isa = PBXFileReference; lastKnownFileType = image.png; path = "cvc-amex.png"; sourceTree = "<group>"; };
		FC6318111A05EBBE00CAC693 /* cvc-amex@2x.png */ = {isa = PBXFileReference; lastKnownFileType = image.png; path = "cvc-amex@2x.png"; sourceTree = "<group>"; };
		FC6318121A05EBBE00CAC693 /* cvc.png */ = {isa = PBXFileReference; lastKnownFileType = image.png; path = cvc.png; sourceTree = "<group>"; };
		FC6318131A05EBBE00CAC693 /* cvc@2x.png */ = {isa = PBXFileReference; lastKnownFileType = image.png; path = "cvc@2x.png"; sourceTree = "<group>"; };
		FC6318141A05EBBE00CAC693 /* diners.png */ = {isa = PBXFileReference; lastKnownFileType = image.png; path = diners.png; sourceTree = "<group>"; };
		FC6318151A05EBBE00CAC693 /* diners@2x.png */ = {isa = PBXFileReference; lastKnownFileType = image.png; path = "diners@2x.png"; sourceTree = "<group>"; };
		FC6318161A05EBBE00CAC693 /* discover.png */ = {isa = PBXFileReference; lastKnownFileType = image.png; path = discover.png; sourceTree = "<group>"; };
		FC6318171A05EBBE00CAC693 /* discover@2x.png */ = {isa = PBXFileReference; lastKnownFileType = image.png; path = "discover@2x.png"; sourceTree = "<group>"; };
		FC6318181A05EBBE00CAC693 /* jcb.png */ = {isa = PBXFileReference; lastKnownFileType = image.png; path = jcb.png; sourceTree = "<group>"; };
		FC6318191A05EBBE00CAC693 /* jcb@2x.png */ = {isa = PBXFileReference; lastKnownFileType = image.png; path = "jcb@2x.png"; sourceTree = "<group>"; };
		FC63181A1A05EBBE00CAC693 /* mastercard.png */ = {isa = PBXFileReference; lastKnownFileType = image.png; path = mastercard.png; sourceTree = "<group>"; };
		FC63181B1A05EBBE00CAC693 /* mastercard@2x.png */ = {isa = PBXFileReference; lastKnownFileType = image.png; path = "mastercard@2x.png"; sourceTree = "<group>"; };
		FC63181C1A05EBBE00CAC693 /* placeholder.png */ = {isa = PBXFileReference; lastKnownFileType = image.png; path = placeholder.png; sourceTree = "<group>"; };
		FC63181D1A05EBBE00CAC693 /* placeholder@2x.png */ = {isa = PBXFileReference; lastKnownFileType = image.png; path = "placeholder@2x.png"; sourceTree = "<group>"; };
		FC63181E1A05EBBE00CAC693 /* visa.png */ = {isa = PBXFileReference; lastKnownFileType = image.png; path = visa.png; sourceTree = "<group>"; };
		FC63181F1A05EBBE00CAC693 /* visa@2x.png */ = {isa = PBXFileReference; lastKnownFileType = image.png; path = "visa@2x.png"; sourceTree = "<group>"; };
		FC6318201A05EBBE00CAC693 /* gradient@2x.png */ = {isa = PBXFileReference; lastKnownFileType = image.png; path = "gradient@2x.png"; sourceTree = "<group>"; };
		FC6318211A05EBBE00CAC693 /* textfield.png */ = {isa = PBXFileReference; lastKnownFileType = image.png; path = textfield.png; sourceTree = "<group>"; };
		FC6318221A05EBBE00CAC693 /* textfield@2x.png */ = {isa = PBXFileReference; lastKnownFileType = image.png; path = "textfield@2x.png"; sourceTree = "<group>"; };
		FC6318411A05F09700CAC693 /* PaymentViewController.h */ = {isa = PBXFileReference; fileEncoding = 4; lastKnownFileType = sourcecode.c.h; path = PaymentViewController.h; sourceTree = "<group>"; };
		FC6318421A05F09700CAC693 /* PaymentViewController.m */ = {isa = PBXFileReference; fileEncoding = 4; lastKnownFileType = sourcecode.c.objc; path = PaymentViewController.m; sourceTree = "<group>"; };
		FC6318441A05F29300CAC693 /* RegistrationViewController.h */ = {isa = PBXFileReference; lastKnownFileType = sourcecode.c.h; name = RegistrationViewController.h; path = ../../../.Trash/RegistrationViewController.h; sourceTree = "<group>"; };
		FC6318451A05F2A300CAC693 /* RegistrationViewController.m */ = {isa = PBXFileReference; fileEncoding = 4; lastKnownFileType = sourcecode.c.objc; name = RegistrationViewController.m; path = ../../../.Trash/RegistrationViewController.m; sourceTree = "<group>"; };
		FC6318471A05F9CD00CAC693 /* Parse.framework */ = {isa = PBXFileReference; lastKnownFileType = wrapper.framework; path = Parse.framework; sourceTree = "<group>"; };
		FC63184A1A05FA2200CAC693 /* PKPayment+STPTestKeys.h */ = {isa = PBXFileReference; fileEncoding = 4; lastKnownFileType = sourcecode.c.h; path = "PKPayment+STPTestKeys.h"; sourceTree = "<group>"; };
		FC63184B1A05FA2200CAC693 /* PKPayment+STPTestKeys.m */ = {isa = PBXFileReference; fileEncoding = 4; lastKnownFileType = sourcecode.c.objc; path = "PKPayment+STPTestKeys.m"; sourceTree = "<group>"; };
		FC63184C1A05FA2200CAC693 /* STPTestAddressStore.h */ = {isa = PBXFileReference; fileEncoding = 4; lastKnownFileType = sourcecode.c.h; path = STPTestAddressStore.h; sourceTree = "<group>"; };
		FC63184D1A05FA2200CAC693 /* STPTestAddressStore.m */ = {isa = PBXFileReference; fileEncoding = 4; lastKnownFileType = sourcecode.c.objc; path = STPTestAddressStore.m; sourceTree = "<group>"; };
		FC63184E1A05FA2200CAC693 /* STPTestCardStore.h */ = {isa = PBXFileReference; fileEncoding = 4; lastKnownFileType = sourcecode.c.h; path = STPTestCardStore.h; sourceTree = "<group>"; };
		FC63184F1A05FA2200CAC693 /* STPTestCardStore.m */ = {isa = PBXFileReference; fileEncoding = 4; lastKnownFileType = sourcecode.c.objc; path = STPTestCardStore.m; sourceTree = "<group>"; };
		FC6318501A05FA2200CAC693 /* STPTestDataStore.h */ = {isa = PBXFileReference; fileEncoding = 4; lastKnownFileType = sourcecode.c.h; path = STPTestDataStore.h; sourceTree = "<group>"; };
		FC6318511A05FA2200CAC693 /* STPTestDataTableViewController.h */ = {isa = PBXFileReference; fileEncoding = 4; lastKnownFileType = sourcecode.c.h; path = STPTestDataTableViewController.h; sourceTree = "<group>"; };
		FC6318521A05FA2200CAC693 /* STPTestDataTableViewController.m */ = {isa = PBXFileReference; fileEncoding = 4; lastKnownFileType = sourcecode.c.objc; path = STPTestDataTableViewController.m; sourceTree = "<group>"; };
		FC6318531A05FA2200CAC693 /* STPTestPaymentAuthorizationViewController.h */ = {isa = PBXFileReference; fileEncoding = 4; lastKnownFileType = sourcecode.c.h; path = STPTestPaymentAuthorizationViewController.h; sourceTree = "<group>"; };
		FC6318541A05FA2200CAC693 /* STPTestPaymentAuthorizationViewController.m */ = {isa = PBXFileReference; fileEncoding = 4; lastKnownFileType = sourcecode.c.objc; path = STPTestPaymentAuthorizationViewController.m; sourceTree = "<group>"; };
		FC6318551A05FA2200CAC693 /* STPTestPaymentSummaryViewController.h */ = {isa = PBXFileReference; fileEncoding = 4; lastKnownFileType = sourcecode.c.h; path = STPTestPaymentSummaryViewController.h; sourceTree = "<group>"; };
		FC6318561A05FA2200CAC693 /* STPTestPaymentSummaryViewController.m */ = {isa = PBXFileReference; fileEncoding = 4; lastKnownFileType = sourcecode.c.objc; path = STPTestPaymentSummaryViewController.m; sourceTree = "<group>"; };
		FC6318571A05FA2200CAC693 /* STPTestPaymentSummaryViewController.xib */ = {isa = PBXFileReference; fileEncoding = 4; lastKnownFileType = file.xib; path = STPTestPaymentSummaryViewController.xib; sourceTree = "<group>"; };
		FC6318581A05FA2200CAC693 /* STPTestShippingMethodStore.h */ = {isa = PBXFileReference; fileEncoding = 4; lastKnownFileType = sourcecode.c.h; path = STPTestShippingMethodStore.h; sourceTree = "<group>"; };
		FC6318591A05FA2200CAC693 /* STPTestShippingMethodStore.m */ = {isa = PBXFileReference; fileEncoding = 4; lastKnownFileType = sourcecode.c.objc; path = STPTestShippingMethodStore.m; sourceTree = "<group>"; };
		FC6318631A05FA7100CAC693 /* MBProgressHUD.h */ = {isa = PBXFileReference; fileEncoding = 4; lastKnownFileType = sourcecode.c.h; path = MBProgressHUD.h; sourceTree = "<group>"; };
		FC6318641A05FA7100CAC693 /* MBProgressHUD.m */ = {isa = PBXFileReference; fileEncoding = 4; lastKnownFileType = sourcecode.c.objc; path = MBProgressHUD.m; sourceTree = "<group>"; };
		FC6318681A05FAA700CAC693 /* main.js */ = {isa = PBXFileReference; fileEncoding = 4; lastKnownFileType = sourcecode.javascript; path = main.js; sourceTree = "<group>"; };
		FC63186A1A05FAA700CAC693 /* global.json */ = {isa = PBXFileReference; fileEncoding = 4; lastKnownFileType = text.json; path = global.json; sourceTree = "<group>"; };
		FC63186C1A05FAA800CAC693 /* index.html */ = {isa = PBXFileReference; fileEncoding = 4; lastKnownFileType = text.html; path = index.html; sourceTree = "<group>"; };
		FC96FC021A04B8C0007ED2A9 /* SellBookViewController.h */ = {isa = PBXFileReference; fileEncoding = 4; lastKnownFileType = sourcecode.c.h; path = SellBookViewController.h; sourceTree = "<group>"; };
		FC96FC031A04B8C0007ED2A9 /* SellBookViewController.m */ = {isa = PBXFileReference; fileEncoding = 4; lastKnownFileType = sourcecode.c.objc; path = SellBookViewController.m; sourceTree = "<group>"; };
		FCC951991A05C5460042A575 /* Stripe+ApplePay.h */ = {isa = PBXFileReference; fileEncoding = 4; lastKnownFileType = sourcecode.c.h; path = "Stripe+ApplePay.h"; sourceTree = "<group>"; };
		FCC9519A1A05C5460042A575 /* Stripe+ApplePay.m */ = {isa = PBXFileReference; fileEncoding = 4; lastKnownFileType = sourcecode.c.objc; path = "Stripe+ApplePay.m"; sourceTree = "<group>"; };
		FCC9519B1A05C5460042A575 /* STPAPIConnection.h */ = {isa = PBXFileReference; fileEncoding = 4; lastKnownFileType = sourcecode.c.h; path = STPAPIConnection.h; sourceTree = "<group>"; };
		FCC9519C1A05C5460042A575 /* STPAPIConnection.m */ = {isa = PBXFileReference; fileEncoding = 4; lastKnownFileType = sourcecode.c.objc; path = STPAPIConnection.m; sourceTree = "<group>"; };
		FCC9519D1A05C5460042A575 /* STPBankAccount.h */ = {isa = PBXFileReference; fileEncoding = 4; lastKnownFileType = sourcecode.c.h; path = STPBankAccount.h; sourceTree = "<group>"; };
		FCC9519E1A05C5460042A575 /* STPBankAccount.m */ = {isa = PBXFileReference; fileEncoding = 4; lastKnownFileType = sourcecode.c.objc; path = STPBankAccount.m; sourceTree = "<group>"; };
		FCC9519F1A05C5460042A575 /* STPCard.h */ = {isa = PBXFileReference; fileEncoding = 4; lastKnownFileType = sourcecode.c.h; path = STPCard.h; sourceTree = "<group>"; };
		FCC951A01A05C5460042A575 /* STPCard.m */ = {isa = PBXFileReference; fileEncoding = 4; lastKnownFileType = sourcecode.c.objc; path = STPCard.m; sourceTree = "<group>"; };
		FCC951A11A05C5460042A575 /* STPFormEncodeProtocol.h */ = {isa = PBXFileReference; fileEncoding = 4; lastKnownFileType = sourcecode.c.h; path = STPFormEncodeProtocol.h; sourceTree = "<group>"; };
		FCC951A21A05C5460042A575 /* STPToken.h */ = {isa = PBXFileReference; fileEncoding = 4; lastKnownFileType = sourcecode.c.h; path = STPToken.h; sourceTree = "<group>"; };
		FCC951A31A05C5460042A575 /* STPToken.m */ = {isa = PBXFileReference; fileEncoding = 4; lastKnownFileType = sourcecode.c.objc; path = STPToken.m; sourceTree = "<group>"; };
		FCC951A41A05C5460042A575 /* STPUtils.h */ = {isa = PBXFileReference; fileEncoding = 4; lastKnownFileType = sourcecode.c.h; path = STPUtils.h; sourceTree = "<group>"; };
		FCC951A51A05C5460042A575 /* STPUtils.m */ = {isa = PBXFileReference; fileEncoding = 4; lastKnownFileType = sourcecode.c.objc; path = STPUtils.m; sourceTree = "<group>"; };
		FCC951A61A05C5460042A575 /* Stripe.h */ = {isa = PBXFileReference; fileEncoding = 4; lastKnownFileType = sourcecode.c.h; path = Stripe.h; sourceTree = "<group>"; };
		FCC951A71A05C5460042A575 /* Stripe.m */ = {isa = PBXFileReference; fileEncoding = 4; lastKnownFileType = sourcecode.c.objc; path = Stripe.m; sourceTree = "<group>"; };
		FCC951A81A05C5460042A575 /* StripeError.h */ = {isa = PBXFileReference; fileEncoding = 4; lastKnownFileType = sourcecode.c.h; path = StripeError.h; sourceTree = "<group>"; };
		FCC951A91A05C5460042A575 /* StripeError.m */ = {isa = PBXFileReference; fileEncoding = 4; lastKnownFileType = sourcecode.c.objc; path = StripeError.m; sourceTree = "<group>"; };
		FCC951AB1A05C5460042A575 /* Stripe-Prefix.pch */ = {isa = PBXFileReference; fileEncoding = 4; lastKnownFileType = sourcecode.c.h; path = "Stripe-Prefix.pch"; sourceTree = "<group>"; };
		FCC951B41A05C5CA0042A575 /* Foundation.framework */ = {isa = PBXFileReference; lastKnownFileType = wrapper.framework; name = Foundation.framework; path = System/Library/Frameworks/Foundation.framework; sourceTree = SDKROOT; };
		FCC951B71A05C68C0042A575 /* Security.framework */ = {isa = PBXFileReference; lastKnownFileType = wrapper.framework; name = Security.framework; path = System/Library/Frameworks/Security.framework; sourceTree = SDKROOT; };
		FCC951B91A05C6A70042A575 /* PassKit.framework */ = {isa = PBXFileReference; lastKnownFileType = wrapper.framework; name = PassKit.framework; path = System/Library/Frameworks/PassKit.framework; sourceTree = SDKROOT; };
		FCD33ED71A0566D5002983B3 /* SearchBooksViewController.h */ = {isa = PBXFileReference; fileEncoding = 4; lastKnownFileType = sourcecode.c.h; path = SearchBooksViewController.h; sourceTree = "<group>"; };
		FCD33ED81A0566D5002983B3 /* SearchBooksViewController.m */ = {isa = PBXFileReference; fileEncoding = 4; lastKnownFileType = sourcecode.c.objc; path = SearchBooksViewController.m; sourceTree = "<group>"; };
		FCD33EDA1A05A58C002983B3 /* BooksForSaleTableViewController.h */ = {isa = PBXFileReference; fileEncoding = 4; lastKnownFileType = sourcecode.c.h; path = BooksForSaleTableViewController.h; sourceTree = "<group>"; };
		FCD33EDB1A05A58D002983B3 /* BooksForSaleTableViewController.m */ = {isa = PBXFileReference; fileEncoding = 4; lastKnownFileType = sourcecode.c.objc; path = BooksForSaleTableViewController.m; sourceTree = "<group>"; };
/* End PBXFileReference section */

/* Begin PBXFrameworksBuildPhase section */
		F113A7AA1A04544500D40F7F /* Frameworks */ = {
			isa = PBXFrameworksBuildPhase;
			buildActionMask = 2147483647;
			files = (
				FCC951BA1A05C6A70042A575 /* PassKit.framework in Frameworks */,
				FCC951B81A05C68C0042A575 /* Security.framework in Frameworks */,
				FCC951B61A05C6740042A575 /* Foundation.framework in Frameworks */,
				F1C12EB31A05A8B500CAB822 /* CoreGraphics.framework in Frameworks */,
				FC6318481A05F9CD00CAC693 /* Parse.framework in Frameworks */,
			);
			runOnlyForDeploymentPostprocessing = 0;
		};
		F113A7C31A04544500D40F7F /* Frameworks */ = {
			isa = PBXFrameworksBuildPhase;
			buildActionMask = 2147483647;
			files = (
			);
			runOnlyForDeploymentPostprocessing = 0;
		};
/* End PBXFrameworksBuildPhase section */

/* Begin PBXGroup section */
		F113A7A41A04544500D40F7F = {
			isa = PBXGroup;
			children = (
				FC6317F81A05EBBE00CAC693 /* PaymentKit */,
				FCC951B91A05C6A70042A575 /* PassKit.framework */,
				FCC951B71A05C68C0042A575 /* Security.framework */,
				FCC951B41A05C5CA0042A575 /* Foundation.framework */,
				FCC951971A05C5460042A575 /* Stripe */,
				F1C12EB21A05A8B500CAB822 /* CoreGraphics.framework */,
				F113A7AF1A04544500D40F7F /* UniversityBookstore */,
				F113A7C91A04544500D40F7F /* UniversityBookstoreTests */,
				F113A7AE1A04544500D40F7F /* Products */,
			);
			sourceTree = "<group>";
		};
		F113A7AE1A04544500D40F7F /* Products */ = {
			isa = PBXGroup;
			children = (
				F113A7AD1A04544500D40F7F /* UniversityBookstore.app */,
				F113A7C61A04544500D40F7F /* UniversityBookstoreTests.xctest */,
			);
			name = Products;
			sourceTree = "<group>";
		};
		F113A7AF1A04544500D40F7F /* UniversityBookstore */ = {
			isa = PBXGroup;
			children = (
				F1C12EA61A058D4400CAB822 /* FontAwesome */,
				F1C12E8D1A04DD2C00CAB822 /* TPKeyboard */,
				FC6318451A05F2A300CAC693 /* RegistrationViewController.m */,
				F1C12E9A1A0509F700CAB822 /* LoginViewController.h */,
				FC6318441A05F29300CAC693 /* RegistrationViewController.h */,
				F1C12E9B1A0509F700CAB822 /* LoginViewController.m */,
				F113A7B41A04544500D40F7F /* AppDelegate.h */,
				F113A7B51A04544500D40F7F /* AppDelegate.m */,
				FC96FC021A04B8C0007ED2A9 /* SellBookViewController.h */,
				FC6318411A05F09700CAC693 /* PaymentViewController.h */,
				FC6318421A05F09700CAC693 /* PaymentViewController.m */,
				FC6318661A05FAA700CAC693 /* Parse */,
				FC6318621A05FA7100CAC693 /* MBProgressHUD */,
				FC6318491A05FA2200CAC693 /* ApplePayStubs */,
				FC6318471A05F9CD00CAC693 /* Parse.framework */,
				FC96FC031A04B8C0007ED2A9 /* SellBookViewController.m */,
				F113A7B71A04544500D40F7F /* HomeViewController.h */,
				F113A7B81A04544500D40F7F /* HomeViewController.m */,
				F113A7BA1A04544500D40F7F /* Main.storyboard */,
				FCD33EDA1A05A58C002983B3 /* BooksForSaleTableViewController.h */,
				FCD33EDB1A05A58D002983B3 /* BooksForSaleTableViewController.m */,
				F1C12EA01A05434300CAB822 /* InventoryViewController.h */,
				F1C12EA11A05434300CAB822 /* InventoryViewController.m */,
				F1C12E841A04998000CAB822 /* UploadPicture.h */,
				F1C12E851A04998000CAB822 /* UploadPicture.m */,
				F113A7BD1A04544500D40F7F /* Images.xcassets */,
				F113A7BF1A04544500D40F7F /* LaunchScreen.xib */,
				F113A7B01A04544500D40F7F /* Supporting Files */,
				F1C12E9D1A052CAD00CAB822 /* RootNavigationController.h */,
				F1C12E9E1A052CAD00CAB822 /* RootNavigationController.m */,
				FCD33ED71A0566D5002983B3 /* SearchBooksViewController.h */,
				FCD33ED81A0566D5002983B3 /* SearchBooksViewController.m */,
			);
			path = UniversityBookstore;
			sourceTree = "<group>";
		};
		F113A7B01A04544500D40F7F /* Supporting Files */ = {
			isa = PBXGroup;
			children = (
				F113A7B11A04544500D40F7F /* Info.plist */,
				F113A7B21A04544500D40F7F /* main.m */,
			);
			name = "Supporting Files";
			sourceTree = "<group>";
		};
		F113A7C91A04544500D40F7F /* UniversityBookstoreTests */ = {
			isa = PBXGroup;
			children = (
				F113A7CC1A04544500D40F7F /* UniversityBookstoreTests.m */,
				F113A7CA1A04544500D40F7F /* Supporting Files */,
			);
			path = UniversityBookstoreTests;
			sourceTree = "<group>";
		};
		F113A7CA1A04544500D40F7F /* Supporting Files */ = {
			isa = PBXGroup;
			children = (
				F113A7CB1A04544500D40F7F /* Info.plist */,
			);
			name = "Supporting Files";
			sourceTree = "<group>";
		};
		F1C12E8D1A04DD2C00CAB822 /* TPKeyboard */ = {
			isa = PBXGroup;
			children = (
				F1C12E8E1A04DD3700CAB822 /* TPKeyboardAvoidingCollectionView.h */,
				F1C12E8F1A04DD3700CAB822 /* TPKeyboardAvoidingCollectionView.m */,
				F1C12E901A04DD3700CAB822 /* TPKeyboardAvoidingScrollView.h */,
				F1C12E911A04DD3700CAB822 /* TPKeyboardAvoidingScrollView.m */,
				F1C12E921A04DD3700CAB822 /* TPKeyboardAvoidingTableView.h */,
				F1C12E931A04DD3700CAB822 /* TPKeyboardAvoidingTableView.m */,
				F1C12E941A04DD3700CAB822 /* UIScrollView+TPKeyboardAvoidingAdditions.h */,
				F1C12E951A04DD3700CAB822 /* UIScrollView+TPKeyboardAvoidingAdditions.m */,
			);
			name = TPKeyboard;
			sourceTree = "<group>";
		};
		F1C12EA61A058D4400CAB822 /* FontAwesome */ = {
			isa = PBXGroup;
			children = (
				F1C12EB01A05A7BA00CAB822 /* FontAwesome.ttf */,
				F1C12EA71A058D5D00CAB822 /* FAImageView.h */,
				F1C12EA81A058D5D00CAB822 /* FAImageView.m */,
				F1C12EA91A058D5D00CAB822 /* NSString+FontAwesome.h */,
				F1C12EAA1A058D5D00CAB822 /* NSString+FontAwesome.m */,
				F1C12EAB1A058D5D00CAB822 /* UIFont+FontAwesome.h */,
				F1C12EAC1A058D5D00CAB822 /* UIFont+FontAwesome.m */,
			);
			name = FontAwesome;
			sourceTree = "<group>";
		};
		FC6317F81A05EBBE00CAC693 /* PaymentKit */ = {
			isa = PBXGroup;
			children = (
				FC6317F91A05EBBE00CAC693 /* PTKAddressZip.h */,
				FC6317FA1A05EBBE00CAC693 /* PTKAddressZip.m */,
				FC6317FB1A05EBBE00CAC693 /* PTKCard.h */,
				FC6317FC1A05EBBE00CAC693 /* PTKCard.m */,
				FC6317FD1A05EBBE00CAC693 /* PTKCardCVC.h */,
				FC6317FE1A05EBBE00CAC693 /* PTKCardCVC.m */,
				FC6317FF1A05EBBE00CAC693 /* PTKCardExpiry.h */,
				FC6318001A05EBBE00CAC693 /* PTKCardExpiry.m */,
				FC6318011A05EBBE00CAC693 /* PTKCardNumber.h */,
				FC6318021A05EBBE00CAC693 /* PTKCardNumber.m */,
				FC6318031A05EBBE00CAC693 /* PTKCardType.h */,
				FC6318041A05EBBE00CAC693 /* PTKComponent.h */,
				FC6318051A05EBBE00CAC693 /* PTKComponent.m */,
				FC6318061A05EBBE00CAC693 /* PTKTextField.h */,
				FC6318071A05EBBE00CAC693 /* PTKTextField.m */,
				FC6318081A05EBBE00CAC693 /* PTKUSAddressZip.h */,
				FC6318091A05EBBE00CAC693 /* PTKUSAddressZip.m */,
				FC63180A1A05EBBE00CAC693 /* PTKView.h */,
				FC63180B1A05EBBE00CAC693 /* PTKView.m */,
				FC63180C1A05EBBE00CAC693 /* Resources */,
			);
			name = PaymentKit;
			path = UniversityBookstore/PaymentKit;
			sourceTree = "<group>";
		};
		FC63180C1A05EBBE00CAC693 /* Resources */ = {
			isa = PBXGroup;
			children = (
				FC63180D1A05EBBE00CAC693 /* Cards */,
				FC6318201A05EBBE00CAC693 /* gradient@2x.png */,
				FC6318211A05EBBE00CAC693 /* textfield.png */,
				FC6318221A05EBBE00CAC693 /* textfield@2x.png */,
			);
			path = Resources;
			sourceTree = "<group>";
		};
		FC63180D1A05EBBE00CAC693 /* Cards */ = {
			isa = PBXGroup;
			children = (
				FC63180E1A05EBBE00CAC693 /* amex.png */,
				FC63180F1A05EBBE00CAC693 /* amex@2x.png */,
				FC6318101A05EBBE00CAC693 /* cvc-amex.png */,
				FC6318111A05EBBE00CAC693 /* cvc-amex@2x.png */,
				FC6318121A05EBBE00CAC693 /* cvc.png */,
				FC6318131A05EBBE00CAC693 /* cvc@2x.png */,
				FC6318141A05EBBE00CAC693 /* diners.png */,
				FC6318151A05EBBE00CAC693 /* diners@2x.png */,
				FC6318161A05EBBE00CAC693 /* discover.png */,
				FC6318171A05EBBE00CAC693 /* discover@2x.png */,
				FC6318181A05EBBE00CAC693 /* jcb.png */,
				FC6318191A05EBBE00CAC693 /* jcb@2x.png */,
				FC63181A1A05EBBE00CAC693 /* mastercard.png */,
				FC63181B1A05EBBE00CAC693 /* mastercard@2x.png */,
				FC63181C1A05EBBE00CAC693 /* placeholder.png */,
				FC63181D1A05EBBE00CAC693 /* placeholder@2x.png */,
				FC63181E1A05EBBE00CAC693 /* visa.png */,
				FC63181F1A05EBBE00CAC693 /* visa@2x.png */,
			);
			path = Cards;
			sourceTree = "<group>";
		};
		FC6318491A05FA2200CAC693 /* ApplePayStubs */ = {
			isa = PBXGroup;
			children = (
				FC63184A1A05FA2200CAC693 /* PKPayment+STPTestKeys.h */,
				FC63184B1A05FA2200CAC693 /* PKPayment+STPTestKeys.m */,
				FC63184C1A05FA2200CAC693 /* STPTestAddressStore.h */,
				FC63184D1A05FA2200CAC693 /* STPTestAddressStore.m */,
				FC63184E1A05FA2200CAC693 /* STPTestCardStore.h */,
				FC63184F1A05FA2200CAC693 /* STPTestCardStore.m */,
				FC6318501A05FA2200CAC693 /* STPTestDataStore.h */,
				FC6318511A05FA2200CAC693 /* STPTestDataTableViewController.h */,
				FC6318521A05FA2200CAC693 /* STPTestDataTableViewController.m */,
				FC6318531A05FA2200CAC693 /* STPTestPaymentAuthorizationViewController.h */,
				FC6318541A05FA2200CAC693 /* STPTestPaymentAuthorizationViewController.m */,
				FC6318551A05FA2200CAC693 /* STPTestPaymentSummaryViewController.h */,
				FC6318561A05FA2200CAC693 /* STPTestPaymentSummaryViewController.m */,
				FC6318571A05FA2200CAC693 /* STPTestPaymentSummaryViewController.xib */,
				FC6318581A05FA2200CAC693 /* STPTestShippingMethodStore.h */,
				FC6318591A05FA2200CAC693 /* STPTestShippingMethodStore.m */,
			);
			path = ApplePayStubs;
			sourceTree = "<group>";
		};
		FC6318621A05FA7100CAC693 /* MBProgressHUD */ = {
			isa = PBXGroup;
			children = (
				FC6318631A05FA7100CAC693 /* MBProgressHUD.h */,
				FC6318641A05FA7100CAC693 /* MBProgressHUD.m */,
			);
			path = MBProgressHUD;
			sourceTree = "<group>";
		};
		FC6318661A05FAA700CAC693 /* Parse */ = {
			isa = PBXGroup;
			children = (
				FC6318671A05FAA700CAC693 /* cloud */,
				FC6318691A05FAA700CAC693 /* config */,
				FC63186B1A05FAA700CAC693 /* public */,
			);
			path = Parse;
			sourceTree = "<group>";
		};
		FC6318671A05FAA700CAC693 /* cloud */ = {
			isa = PBXGroup;
			children = (
				FC6318681A05FAA700CAC693 /* main.js */,
			);
			path = cloud;
			sourceTree = "<group>";
		};
		FC6318691A05FAA700CAC693 /* config */ = {
			isa = PBXGroup;
			children = (
				FC63186A1A05FAA700CAC693 /* global.json */,
			);
			path = config;
			sourceTree = "<group>";
		};
		FC63186B1A05FAA700CAC693 /* public */ = {
			isa = PBXGroup;
			children = (
				FC63186C1A05FAA800CAC693 /* index.html */,
			);
			path = public;
			sourceTree = "<group>";
		};
		FCC951971A05C5460042A575 /* Stripe */ = {
			isa = PBXGroup;
			children = (
				FCC951981A05C5460042A575 /* ApplePay */,
				FCC9519B1A05C5460042A575 /* STPAPIConnection.h */,
				FCC9519C1A05C5460042A575 /* STPAPIConnection.m */,
				FCC9519D1A05C5460042A575 /* STPBankAccount.h */,
				FCC9519E1A05C5460042A575 /* STPBankAccount.m */,
				FCC9519F1A05C5460042A575 /* STPCard.h */,
				FCC951A01A05C5460042A575 /* STPCard.m */,
				FCC951A11A05C5460042A575 /* STPFormEncodeProtocol.h */,
				FCC951A21A05C5460042A575 /* STPToken.h */,
				FCC951A31A05C5460042A575 /* STPToken.m */,
				FCC951A41A05C5460042A575 /* STPUtils.h */,
				FCC951A51A05C5460042A575 /* STPUtils.m */,
				FCC951A61A05C5460042A575 /* Stripe.h */,
				FCC951A71A05C5460042A575 /* Stripe.m */,
				FCC951A81A05C5460042A575 /* StripeError.h */,
				FCC951A91A05C5460042A575 /* StripeError.m */,
				FCC951AA1A05C5460042A575 /* Supporting Files */,
			);
			name = Stripe;
			path = UniversityBookstore/Stripe;
			sourceTree = "<group>";
		};
		FCC951981A05C5460042A575 /* ApplePay */ = {
			isa = PBXGroup;
			children = (
				FCC951991A05C5460042A575 /* Stripe+ApplePay.h */,
				FCC9519A1A05C5460042A575 /* Stripe+ApplePay.m */,
			);
			path = ApplePay;
			sourceTree = "<group>";
		};
		FCC951AA1A05C5460042A575 /* Supporting Files */ = {
			isa = PBXGroup;
			children = (
				FCC951AB1A05C5460042A575 /* Stripe-Prefix.pch */,
			);
			path = "Supporting Files";
			sourceTree = "<group>";
		};
/* End PBXGroup section */

/* Begin PBXNativeTarget section */
		F113A7AC1A04544500D40F7F /* UniversityBookstore */ = {
			isa = PBXNativeTarget;
			buildConfigurationList = F113A7D01A04544500D40F7F /* Build configuration list for PBXNativeTarget "UniversityBookstore" */;
			buildPhases = (
				F113A7A91A04544500D40F7F /* Sources */,
				F113A7AA1A04544500D40F7F /* Frameworks */,
				F113A7AB1A04544500D40F7F /* Resources */,
			);
			buildRules = (
			);
			dependencies = (
			);
			name = UniversityBookstore;
			productName = UniversityBookstore;
			productReference = F113A7AD1A04544500D40F7F /* UniversityBookstore.app */;
			productType = "com.apple.product-type.application";
		};
		F113A7C51A04544500D40F7F /* UniversityBookstoreTests */ = {
			isa = PBXNativeTarget;
			buildConfigurationList = F113A7D31A04544500D40F7F /* Build configuration list for PBXNativeTarget "UniversityBookstoreTests" */;
			buildPhases = (
				F113A7C21A04544500D40F7F /* Sources */,
				F113A7C31A04544500D40F7F /* Frameworks */,
				F113A7C41A04544500D40F7F /* Resources */,
			);
			buildRules = (
			);
			dependencies = (
				F113A7C81A04544500D40F7F /* PBXTargetDependency */,
			);
			name = UniversityBookstoreTests;
			productName = UniversityBookstoreTests;
			productReference = F113A7C61A04544500D40F7F /* UniversityBookstoreTests.xctest */;
			productType = "com.apple.product-type.bundle.unit-test";
		};
/* End PBXNativeTarget section */

/* Begin PBXProject section */
		F113A7A51A04544500D40F7F /* Project object */ = {
			isa = PBXProject;
			attributes = {
				LastUpgradeCheck = 0610;
				ORGANIZATIONNAME = "Keyur Patel";
				TargetAttributes = {
					F113A7AC1A04544500D40F7F = {
						CreatedOnToolsVersion = 6.1;
					};
					F113A7C51A04544500D40F7F = {
						CreatedOnToolsVersion = 6.1;
						TestTargetID = F113A7AC1A04544500D40F7F;
					};
				};
			};
			buildConfigurationList = F113A7A81A04544500D40F7F /* Build configuration list for PBXProject "UniversityBookstore" */;
			compatibilityVersion = "Xcode 3.2";
			developmentRegion = English;
			hasScannedForEncodings = 0;
			knownRegions = (
				en,
				Base,
			);
			mainGroup = F113A7A41A04544500D40F7F;
			productRefGroup = F113A7AE1A04544500D40F7F /* Products */;
			projectDirPath = "";
			projectRoot = "";
			targets = (
				F113A7AC1A04544500D40F7F /* UniversityBookstore */,
				F113A7C51A04544500D40F7F /* UniversityBookstoreTests */,
			);
		};
/* End PBXProject section */

/* Begin PBXResourcesBuildPhase section */
		F113A7AB1A04544500D40F7F /* Resources */ = {
			isa = PBXResourcesBuildPhase;
			buildActionMask = 2147483647;
			files = (
				FC63182F1A05EBBE00CAC693 /* cvc-amex@2x.png in Resources */,
				FC63183F1A05EBBE00CAC693 /* textfield.png in Resources */,
				FC63183E1A05EBBE00CAC693 /* gradient@2x.png in Resources */,
				FC6318311A05EBBE00CAC693 /* cvc@2x.png in Resources */,
				FC63182E1A05EBBE00CAC693 /* cvc-amex.png in Resources */,
				FC6318331A05EBBE00CAC693 /* diners@2x.png in Resources */,
				FC6318341A05EBBE00CAC693 /* discover.png in Resources */,
				FC6318351A05EBBE00CAC693 /* discover@2x.png in Resources */,
				FC6318391A05EBBE00CAC693 /* mastercard@2x.png in Resources */,
				FC6318371A05EBBE00CAC693 /* jcb@2x.png in Resources */,
				FC6318601A05FA2200CAC693 /* STPTestPaymentSummaryViewController.xib in Resources */,
				FC6318381A05EBBE00CAC693 /* mastercard.png in Resources */,
				FC63183D1A05EBBE00CAC693 /* visa@2x.png in Resources */,
				FC6318361A05EBBE00CAC693 /* jcb.png in Resources */,
				FC63183B1A05EBBE00CAC693 /* placeholder@2x.png in Resources */,
				FC63183A1A05EBBE00CAC693 /* placeholder.png in Resources */,
				FC63186E1A05FAA800CAC693 /* global.json in Resources */,
				FC6318321A05EBBE00CAC693 /* diners.png in Resources */,
				F1C12EB11A05A8A700CAB822 /* FontAwesome.ttf in Resources */,
				FC6318301A05EBBE00CAC693 /* cvc.png in Resources */,
				FC63182D1A05EBBE00CAC693 /* amex@2x.png in Resources */,
				FC6318401A05EBBE00CAC693 /* textfield@2x.png in Resources */,
				FC63182C1A05EBBE00CAC693 /* amex.png in Resources */,
				FC63186F1A05FAA800CAC693 /* index.html in Resources */,
				FC63183C1A05EBBE00CAC693 /* visa.png in Resources */,
				F113A7BC1A04544500D40F7F /* Main.storyboard in Resources */,
				FC63186D1A05FAA800CAC693 /* main.js in Resources */,
				F113A7C11A04544500D40F7F /* LaunchScreen.xib in Resources */,
				F113A7BE1A04544500D40F7F /* Images.xcassets in Resources */,
			);
			runOnlyForDeploymentPostprocessing = 0;
		};
		F113A7C41A04544500D40F7F /* Resources */ = {
			isa = PBXResourcesBuildPhase;
			buildActionMask = 2147483647;
			files = (
			);
			runOnlyForDeploymentPostprocessing = 0;
		};
/* End PBXResourcesBuildPhase section */

/* Begin PBXSourcesBuildPhase section */
		F113A7A91A04544500D40F7F /* Sources */ = {
			isa = PBXSourcesBuildPhase;
			buildActionMask = 2147483647;
			files = (
				FC6318231A05EBBE00CAC693 /* PTKAddressZip.m in Sources */,
				FCC951AE1A05C5460042A575 /* STPBankAccount.m in Sources */,
				F1C12EAF1A058D5D00CAB822 /* UIFont+FontAwesome.m in Sources */,
				F1C12EA31A05582D00CAB822 /* HomeViewController.m in Sources */,
				FC96FC041A04B8C0007ED2A9 /* SellBookViewController.m in Sources */,
				FC6318241A05EBBE00CAC693 /* PTKCard.m in Sources */,
				FC63182A1A05EBBE00CAC693 /* PTKUSAddressZip.m in Sources */,
				F1C12E9F1A052CAD00CAB822 /* RootNavigationController.m in Sources */,
				FCD33ED91A0566D5002983B3 /* SearchBooksViewController.m in Sources */,
				FC6318261A05EBBE00CAC693 /* PTKCardExpiry.m in Sources */,
				FC6318461A05F2A300CAC693 /* RegistrationViewController.m in Sources */,
				FC63182B1A05EBBE00CAC693 /* PTKView.m in Sources */,
				F1C12EA21A05434300CAB822 /* InventoryViewController.m in Sources */,
				F1C12E971A04DD3700CAB822 /* TPKeyboardAvoidingScrollView.m in Sources */,
				FC63185C1A05FA2200CAC693 /* STPTestCardStore.m in Sources */,
				FC6318651A05FA7100CAC693 /* MBProgressHUD.m in Sources */,
				FC6318281A05EBBE00CAC693 /* PTKComponent.m in Sources */,
				FC63185A1A05FA2200CAC693 /* PKPayment+STPTestKeys.m in Sources */,
				FCC951B31A05C5460042A575 /* StripeError.m in Sources */,
				F113A7B61A04544500D40F7F /* AppDelegate.m in Sources */,
				F1C12E981A04DD3700CAB822 /* TPKeyboardAvoidingTableView.m in Sources */,
				FCC951B11A05C5460042A575 /* STPUtils.m in Sources */,
				FC6318271A05EBBE00CAC693 /* PTKCardNumber.m in Sources */,
				FC6318611A05FA2200CAC693 /* STPTestShippingMethodStore.m in Sources */,
				FC63185D1A05FA2200CAC693 /* STPTestDataTableViewController.m in Sources */,
				F113A7B31A04544500D40F7F /* main.m in Sources */,
				FC63185F1A05FA2200CAC693 /* STPTestPaymentSummaryViewController.m in Sources */,
				FCC951AF1A05C5460042A575 /* STPCard.m in Sources */,
				F1C12E861A04998000CAB822 /* UploadPicture.m in Sources */,
				FCC951AC1A05C5460042A575 /* Stripe+ApplePay.m in Sources */,
				FCC951AD1A05C5460042A575 /* STPAPIConnection.m in Sources */,
				FC63185E1A05FA2200CAC693 /* STPTestPaymentAuthorizationViewController.m in Sources */,
				F1C12E961A04DD3700CAB822 /* TPKeyboardAvoidingCollectionView.m in Sources */,
				F1C12EAE1A058D5D00CAB822 /* NSString+FontAwesome.m in Sources */,
				FC63185B1A05FA2200CAC693 /* STPTestAddressStore.m in Sources */,
				FC6318431A05F09700CAC693 /* PaymentViewController.m in Sources */,
				F1C12EAD1A058D5D00CAB822 /* FAImageView.m in Sources */,
				F1C12E9C1A0509F700CAB822 /* LoginViewController.m in Sources */,
				FC6318251A05EBBE00CAC693 /* PTKCardCVC.m in Sources */,
				FC6318291A05EBBE00CAC693 /* PTKTextField.m in Sources */,
				F1C12E991A04DD3700CAB822 /* UIScrollView+TPKeyboardAvoidingAdditions.m in Sources */,
				FCC951B01A05C5460042A575 /* STPToken.m in Sources */,
				FCC951B21A05C5460042A575 /* Stripe.m in Sources */,
				FCD33EDC1A05A58D002983B3 /* BooksForSaleTableViewController.m in Sources */,
			);
			runOnlyForDeploymentPostprocessing = 0;
		};
		F113A7C21A04544500D40F7F /* Sources */ = {
			isa = PBXSourcesBuildPhase;
			buildActionMask = 2147483647;
			files = (
				F113A7CD1A04544500D40F7F /* UniversityBookstoreTests.m in Sources */,
			);
			runOnlyForDeploymentPostprocessing = 0;
		};
/* End PBXSourcesBuildPhase section */

/* Begin PBXTargetDependency section */
		F113A7C81A04544500D40F7F /* PBXTargetDependency */ = {
			isa = PBXTargetDependency;
			target = F113A7AC1A04544500D40F7F /* UniversityBookstore */;
			targetProxy = F113A7C71A04544500D40F7F /* PBXContainerItemProxy */;
		};
/* End PBXTargetDependency section */

/* Begin PBXVariantGroup section */
		F113A7BA1A04544500D40F7F /* Main.storyboard */ = {
			isa = PBXVariantGroup;
			children = (
				F113A7BB1A04544500D40F7F /* Base */,
			);
			name = Main.storyboard;
			sourceTree = "<group>";
		};
		F113A7BF1A04544500D40F7F /* LaunchScreen.xib */ = {
			isa = PBXVariantGroup;
			children = (
				F113A7C01A04544500D40F7F /* Base */,
			);
			name = LaunchScreen.xib;
			sourceTree = "<group>";
		};
/* End PBXVariantGroup section */

/* Begin XCBuildConfiguration section */
		F113A7CE1A04544500D40F7F /* Debug */ = {
			isa = XCBuildConfiguration;
			buildSettings = {
				ALWAYS_SEARCH_USER_PATHS = NO;
				CLANG_CXX_LANGUAGE_STANDARD = "gnu++0x";
				CLANG_CXX_LIBRARY = "libc++";
				CLANG_ENABLE_MODULES = YES;
				CLANG_ENABLE_OBJC_ARC = YES;
				CLANG_WARN_BOOL_CONVERSION = YES;
				CLANG_WARN_CONSTANT_CONVERSION = YES;
				CLANG_WARN_DIRECT_OBJC_ISA_USAGE = YES_ERROR;
				CLANG_WARN_EMPTY_BODY = YES;
				CLANG_WARN_ENUM_CONVERSION = YES;
				CLANG_WARN_INT_CONVERSION = YES;
				CLANG_WARN_OBJC_ROOT_CLASS = YES_ERROR;
				CLANG_WARN_UNREACHABLE_CODE = YES;
				CLANG_WARN__DUPLICATE_METHOD_MATCH = YES;
				"CODE_SIGN_IDENTITY[sdk=iphoneos*]" = "iPhone Developer";
				COPY_PHASE_STRIP = NO;
				ENABLE_STRICT_OBJC_MSGSEND = YES;
				GCC_C_LANGUAGE_STANDARD = gnu99;
				GCC_DYNAMIC_NO_PIC = NO;
				GCC_OPTIMIZATION_LEVEL = 0;
				GCC_PREPROCESSOR_DEFINITIONS = (
					"DEBUG=1",
					"$(inherited)",
				);
				GCC_SYMBOLS_PRIVATE_EXTERN = NO;
				GCC_WARN_64_TO_32_BIT_CONVERSION = YES;
				GCC_WARN_ABOUT_RETURN_TYPE = YES_ERROR;
				GCC_WARN_UNDECLARED_SELECTOR = YES;
				GCC_WARN_UNINITIALIZED_AUTOS = YES_AGGRESSIVE;
				GCC_WARN_UNUSED_FUNCTION = YES;
				GCC_WARN_UNUSED_VARIABLE = YES;
				IPHONEOS_DEPLOYMENT_TARGET = 8.1;
				MTL_ENABLE_DEBUG_INFO = YES;
				ONLY_ACTIVE_ARCH = YES;
				SDKROOT = iphoneos;
			};
			name = Debug;
		};
		F113A7CF1A04544500D40F7F /* Release */ = {
			isa = XCBuildConfiguration;
			buildSettings = {
				ALWAYS_SEARCH_USER_PATHS = NO;
				CLANG_CXX_LANGUAGE_STANDARD = "gnu++0x";
				CLANG_CXX_LIBRARY = "libc++";
				CLANG_ENABLE_MODULES = YES;
				CLANG_ENABLE_OBJC_ARC = YES;
				CLANG_WARN_BOOL_CONVERSION = YES;
				CLANG_WARN_CONSTANT_CONVERSION = YES;
				CLANG_WARN_DIRECT_OBJC_ISA_USAGE = YES_ERROR;
				CLANG_WARN_EMPTY_BODY = YES;
				CLANG_WARN_ENUM_CONVERSION = YES;
				CLANG_WARN_INT_CONVERSION = YES;
				CLANG_WARN_OBJC_ROOT_CLASS = YES_ERROR;
				CLANG_WARN_UNREACHABLE_CODE = YES;
				CLANG_WARN__DUPLICATE_METHOD_MATCH = YES;
				"CODE_SIGN_IDENTITY[sdk=iphoneos*]" = "iPhone Developer";
				COPY_PHASE_STRIP = YES;
				ENABLE_NS_ASSERTIONS = NO;
				ENABLE_STRICT_OBJC_MSGSEND = YES;
				GCC_C_LANGUAGE_STANDARD = gnu99;
				GCC_WARN_64_TO_32_BIT_CONVERSION = YES;
				GCC_WARN_ABOUT_RETURN_TYPE = YES_ERROR;
				GCC_WARN_UNDECLARED_SELECTOR = YES;
				GCC_WARN_UNINITIALIZED_AUTOS = YES_AGGRESSIVE;
				GCC_WARN_UNUSED_FUNCTION = YES;
				GCC_WARN_UNUSED_VARIABLE = YES;
				IPHONEOS_DEPLOYMENT_TARGET = 8.1;
				MTL_ENABLE_DEBUG_INFO = NO;
				SDKROOT = iphoneos;
				VALIDATE_PRODUCT = YES;
			};
			name = Release;
		};
		F113A7D11A04544500D40F7F /* Debug */ = {
			isa = XCBuildConfiguration;
			buildSettings = {
				ASSETCATALOG_COMPILER_APPICON_NAME = AppIcon;
				FRAMEWORK_SEARCH_PATHS = (
					"$(inherited)",
					"$(PROJECT_DIR)/UniversityBookstore",
				);
				INFOPLIST_FILE = UniversityBookstore/Info.plist;
				LD_RUNPATH_SEARCH_PATHS = "$(inherited) @executable_path/Frameworks";
				PRODUCT_NAME = "$(TARGET_NAME)";
				TARGETED_DEVICE_FAMILY = 1;
			};
			name = Debug;
		};
		F113A7D21A04544500D40F7F /* Release */ = {
			isa = XCBuildConfiguration;
			buildSettings = {
				ASSETCATALOG_COMPILER_APPICON_NAME = AppIcon;
				FRAMEWORK_SEARCH_PATHS = (
					"$(inherited)",
					"$(PROJECT_DIR)/UniversityBookstore",
				);
				INFOPLIST_FILE = UniversityBookstore/Info.plist;
				LD_RUNPATH_SEARCH_PATHS = "$(inherited) @executable_path/Frameworks";
				PRODUCT_NAME = "$(TARGET_NAME)";
				TARGETED_DEVICE_FAMILY = 1;
			};
			name = Release;
		};
		F113A7D41A04544500D40F7F /* Debug */ = {
			isa = XCBuildConfiguration;
			buildSettings = {
				BUNDLE_LOADER = "$(TEST_HOST)";
				FRAMEWORK_SEARCH_PATHS = (
					"$(SDKROOT)/Developer/Library/Frameworks",
					"$(inherited)",
				);
				GCC_PREPROCESSOR_DEFINITIONS = (
					"DEBUG=1",
					"$(inherited)",
				);
				INFOPLIST_FILE = UniversityBookstoreTests/Info.plist;
				LD_RUNPATH_SEARCH_PATHS = "$(inherited) @executable_path/Frameworks @loader_path/Frameworks";
				PRODUCT_NAME = "$(TARGET_NAME)";
				TEST_HOST = "$(BUILT_PRODUCTS_DIR)/UniversityBookstore.app/UniversityBookstore";
			};
			name = Debug;
		};
		F113A7D51A04544500D40F7F /* Release */ = {
			isa = XCBuildConfiguration;
			buildSettings = {
				BUNDLE_LOADER = "$(TEST_HOST)";
				FRAMEWORK_SEARCH_PATHS = (
					"$(SDKROOT)/Developer/Library/Frameworks",
					"$(inherited)",
				);
				INFOPLIST_FILE = UniversityBookstoreTests/Info.plist;
				LD_RUNPATH_SEARCH_PATHS = "$(inherited) @executable_path/Frameworks @loader_path/Frameworks";
				PRODUCT_NAME = "$(TARGET_NAME)";
				TEST_HOST = "$(BUILT_PRODUCTS_DIR)/UniversityBookstore.app/UniversityBookstore";
			};
			name = Release;
		};
/* End XCBuildConfiguration section */

/* Begin XCConfigurationList section */
		F113A7A81A04544500D40F7F /* Build configuration list for PBXProject "UniversityBookstore" */ = {
			isa = XCConfigurationList;
			buildConfigurations = (
				F113A7CE1A04544500D40F7F /* Debug */,
				F113A7CF1A04544500D40F7F /* Release */,
			);
			defaultConfigurationIsVisible = 0;
			defaultConfigurationName = Release;
		};
		F113A7D01A04544500D40F7F /* Build configuration list for PBXNativeTarget "UniversityBookstore" */ = {
			isa = XCConfigurationList;
			buildConfigurations = (
				F113A7D11A04544500D40F7F /* Debug */,
				F113A7D21A04544500D40F7F /* Release */,
			);
			defaultConfigurationIsVisible = 0;
			defaultConfigurationName = Release;
		};
		F113A7D31A04544500D40F7F /* Build configuration list for PBXNativeTarget "UniversityBookstoreTests" */ = {
			isa = XCConfigurationList;
			buildConfigurations = (
				F113A7D41A04544500D40F7F /* Debug */,
				F113A7D51A04544500D40F7F /* Release */,
			);
			defaultConfigurationIsVisible = 0;
			defaultConfigurationName = Release;
		};
/* End XCConfigurationList section */
	};
	rootObject = F113A7A51A04544500D40F7F /* Project object */;
}
